
Microsoft Visual Studio Solution File, Format Version 12.00
# Visual Studio Version 17
VisualStudioVersion = 17.0.31903.59
MinimumVisualStudioVersion = 10.0.40219.1
Project("{FAE04EC0-301F-11D3-BF4B-00C04F79EFBC}") = "task01tests", "task01tests\task01tests.csproj", "{9580B8B9-D05C-4C5E-A1E5-16A87D528BDD}"
EndProject
Project("{FAE04EC0-301F-11D3-BF4B-00C04F79EFBC}") = "task01", "task01\task01.csproj", "{2B289ABD-0AFE-442A-A4E9-07FA1F33373D}"
EndProject
Project("{FAE04EC0-301F-11D3-BF4B-00C04F79EFBC}") = "task02", "task02\task02.csproj", "{0A7E1B4D-2A01-4443-81DE-1335817B0AAC}"
EndProject
Project("{FAE04EC0-301F-11D3-BF4B-00C04F79EFBC}") = "task02tests", "task02tests\task02tests.csproj", "{9BF461BB-3725-42D2-8A38-51FB33BD5E24}"
EndProject
Project("{FAE04EC0-301F-11D3-BF4B-00C04F79EFBC}") = "task03", "task03\task03.csproj", "{EA5B1DAC-B12B-4627-A466-1E2F25E4CA46}"
EndProject
Project("{FAE04EC0-301F-11D3-BF4B-00C04F79EFBC}") = "task03tests", "task03tests\task03tests.csproj", "{E0FDB1B2-A6A4-483B-83B2-7EFFCD455E9A}"
EndProject
Project("{FAE04EC0-301F-11D3-BF4B-00C04F79EFBC}") = "task04", "task04\task04.csproj", "{D2F43C55-1778-4AB4-8AA1-BF5BCA5D102D}"
EndProject
Project("{FAE04EC0-301F-11D3-BF4B-00C04F79EFBC}") = "task04tests", "task04tests\task04tests.csproj", "{C1C83035-4A52-4380-8927-EB81EED9C7A4}"
EndProject
Global
	GlobalSection(SolutionConfigurationPlatforms) = preSolution
		Debug|Any CPU = Debug|Any CPU
		Debug|x64 = Debug|x64
		Debug|x86 = Debug|x86
		Release|Any CPU = Release|Any CPU
		Release|x64 = Release|x64
		Release|x86 = Release|x86
	EndGlobalSection
	GlobalSection(ProjectConfigurationPlatforms) = postSolution
		{9580B8B9-D05C-4C5E-A1E5-16A87D528BDD}.Debug|Any CPU.ActiveCfg = Debug|Any CPU
		{9580B8B9-D05C-4C5E-A1E5-16A87D528BDD}.Debug|Any CPU.Build.0 = Debug|Any CPU
		{9580B8B9-D05C-4C5E-A1E5-16A87D528BDD}.Debug|x64.ActiveCfg = Debug|Any CPU
		{9580B8B9-D05C-4C5E-A1E5-16A87D528BDD}.Debug|x64.Build.0 = Debug|Any CPU
		{9580B8B9-D05C-4C5E-A1E5-16A87D528BDD}.Debug|x86.ActiveCfg = Debug|Any CPU
		{9580B8B9-D05C-4C5E-A1E5-16A87D528BDD}.Debug|x86.Build.0 = Debug|Any CPU
		{9580B8B9-D05C-4C5E-A1E5-16A87D528BDD}.Release|Any CPU.ActiveCfg = Release|Any CPU
		{9580B8B9-D05C-4C5E-A1E5-16A87D528BDD}.Release|Any CPU.Build.0 = Release|Any CPU
		{9580B8B9-D05C-4C5E-A1E5-16A87D528BDD}.Release|x64.ActiveCfg = Release|Any CPU
		{9580B8B9-D05C-4C5E-A1E5-16A87D528BDD}.Release|x64.Build.0 = Release|Any CPU
		{9580B8B9-D05C-4C5E-A1E5-16A87D528BDD}.Release|x86.ActiveCfg = Release|Any CPU
		{9580B8B9-D05C-4C5E-A1E5-16A87D528BDD}.Release|x86.Build.0 = Release|Any CPU
		{2B289ABD-0AFE-442A-A4E9-07FA1F33373D}.Debug|Any CPU.ActiveCfg = Debug|Any CPU
		{2B289ABD-0AFE-442A-A4E9-07FA1F33373D}.Debug|Any CPU.Build.0 = Debug|Any CPU
		{2B289ABD-0AFE-442A-A4E9-07FA1F33373D}.Debug|x64.ActiveCfg = Debug|Any CPU
		{2B289ABD-0AFE-442A-A4E9-07FA1F33373D}.Debug|x64.Build.0 = Debug|Any CPU
		{2B289ABD-0AFE-442A-A4E9-07FA1F33373D}.Debug|x86.ActiveCfg = Debug|Any CPU
		{2B289ABD-0AFE-442A-A4E9-07FA1F33373D}.Debug|x86.Build.0 = Debug|Any CPU
		{2B289ABD-0AFE-442A-A4E9-07FA1F33373D}.Release|Any CPU.ActiveCfg = Release|Any CPU
		{2B289ABD-0AFE-442A-A4E9-07FA1F33373D}.Release|Any CPU.Build.0 = Release|Any CPU
		{2B289ABD-0AFE-442A-A4E9-07FA1F33373D}.Release|x64.ActiveCfg = Release|Any CPU
		{2B289ABD-0AFE-442A-A4E9-07FA1F33373D}.Release|x64.Build.0 = Release|Any CPU
		{2B289ABD-0AFE-442A-A4E9-07FA1F33373D}.Release|x86.ActiveCfg = Release|Any CPU
		{2B289ABD-0AFE-442A-A4E9-07FA1F33373D}.Release|x86.Build.0 = Release|Any CPU
		{0A7E1B4D-2A01-4443-81DE-1335817B0AAC}.Debug|Any CPU.ActiveCfg = Debug|Any CPU
		{0A7E1B4D-2A01-4443-81DE-1335817B0AAC}.Debug|Any CPU.Build.0 = Debug|Any CPU
		{0A7E1B4D-2A01-4443-81DE-1335817B0AAC}.Debug|x64.ActiveCfg = Debug|Any CPU
		{0A7E1B4D-2A01-4443-81DE-1335817B0AAC}.Debug|x64.Build.0 = Debug|Any CPU
		{0A7E1B4D-2A01-4443-81DE-1335817B0AAC}.Debug|x86.ActiveCfg = Debug|Any CPU
		{0A7E1B4D-2A01-4443-81DE-1335817B0AAC}.Debug|x86.Build.0 = Debug|Any CPU
		{0A7E1B4D-2A01-4443-81DE-1335817B0AAC}.Release|Any CPU.ActiveCfg = Release|Any CPU
		{0A7E1B4D-2A01-4443-81DE-1335817B0AAC}.Release|Any CPU.Build.0 = Release|Any CPU
		{0A7E1B4D-2A01-4443-81DE-1335817B0AAC}.Release|x64.ActiveCfg = Release|Any CPU
		{0A7E1B4D-2A01-4443-81DE-1335817B0AAC}.Release|x64.Build.0 = Release|Any CPU
		{0A7E1B4D-2A01-4443-81DE-1335817B0AAC}.Release|x86.ActiveCfg = Release|Any CPU
		{0A7E1B4D-2A01-4443-81DE-1335817B0AAC}.Release|x86.Build.0 = Release|Any CPU
		{9BF461BB-3725-42D2-8A38-51FB33BD5E24}.Debug|Any CPU.ActiveCfg = Debug|Any CPU
		{9BF461BB-3725-42D2-8A38-51FB33BD5E24}.Debug|Any CPU.Build.0 = Debug|Any CPU
		{9BF461BB-3725-42D2-8A38-51FB33BD5E24}.Debug|x64.ActiveCfg = Debug|Any CPU
		{9BF461BB-3725-42D2-8A38-51FB33BD5E24}.Debug|x64.Build.0 = Debug|Any CPU
		{9BF461BB-3725-42D2-8A38-51FB33BD5E24}.Debug|x86.ActiveCfg = Debug|Any CPU
		{9BF461BB-3725-42D2-8A38-51FB33BD5E24}.Debug|x86.Build.0 = Debug|Any CPU
		{9BF461BB-3725-42D2-8A38-51FB33BD5E24}.Release|Any CPU.ActiveCfg = Release|Any CPU
		{9BF461BB-3725-42D2-8A38-51FB33BD5E24}.Release|Any CPU.Build.0 = Release|Any CPU
		{9BF461BB-3725-42D2-8A38-51FB33BD5E24}.Release|x64.ActiveCfg = Release|Any CPU
		{9BF461BB-3725-42D2-8A38-51FB33BD5E24}.Release|x64.Build.0 = Release|Any CPU
		{9BF461BB-3725-42D2-8A38-51FB33BD5E24}.Release|x86.ActiveCfg = Release|Any CPU
		{9BF461BB-3725-42D2-8A38-51FB33BD5E24}.Release|x86.Build.0 = Release|Any CPU
		{EA5B1DAC-B12B-4627-A466-1E2F25E4CA46}.Debug|Any CPU.ActiveCfg = Debug|Any CPU
		{EA5B1DAC-B12B-4627-A466-1E2F25E4CA46}.Debug|Any CPU.Build.0 = Debug|Any CPU
		{EA5B1DAC-B12B-4627-A466-1E2F25E4CA46}.Debug|x64.ActiveCfg = Debug|Any CPU
		{EA5B1DAC-B12B-4627-A466-1E2F25E4CA46}.Debug|x64.Build.0 = Debug|Any CPU
		{EA5B1DAC-B12B-4627-A466-1E2F25E4CA46}.Debug|x86.ActiveCfg = Debug|Any CPU
		{EA5B1DAC-B12B-4627-A466-1E2F25E4CA46}.Debug|x86.Build.0 = Debug|Any CPU
		{EA5B1DAC-B12B-4627-A466-1E2F25E4CA46}.Release|Any CPU.ActiveCfg = Release|Any CPU
		{EA5B1DAC-B12B-4627-A466-1E2F25E4CA46}.Release|Any CPU.Build.0 = Release|Any CPU
		{EA5B1DAC-B12B-4627-A466-1E2F25E4CA46}.Release|x64.ActiveCfg = Release|Any CPU
		{EA5B1DAC-B12B-4627-A466-1E2F25E4CA46}.Release|x64.Build.0 = Release|Any CPU
		{EA5B1DAC-B12B-4627-A466-1E2F25E4CA46}.Release|x86.ActiveCfg = Release|Any CPU
		{EA5B1DAC-B12B-4627-A466-1E2F25E4CA46}.Release|x86.Build.0 = Release|Any CPU
		{E0FDB1B2-A6A4-483B-83B2-7EFFCD455E9A}.Debug|Any CPU.ActiveCfg = Debug|Any CPU
		{E0FDB1B2-A6A4-483B-83B2-7EFFCD455E9A}.Debug|Any CPU.Build.0 = Debug|Any CPU
		{E0FDB1B2-A6A4-483B-83B2-7EFFCD455E9A}.Debug|x64.ActiveCfg = Debug|Any CPU
		{E0FDB1B2-A6A4-483B-83B2-7EFFCD455E9A}.Debug|x64.Build.0 = Debug|Any CPU
		{E0FDB1B2-A6A4-483B-83B2-7EFFCD455E9A}.Debug|x86.ActiveCfg = Debug|Any CPU
		{E0FDB1B2-A6A4-483B-83B2-7EFFCD455E9A}.Debug|x86.Build.0 = Debug|Any CPU
		{E0FDB1B2-A6A4-483B-83B2-7EFFCD455E9A}.Release|Any CPU.ActiveCfg = Release|Any CPU
		{E0FDB1B2-A6A4-483B-83B2-7EFFCD455E9A}.Release|Any CPU.Build.0 = Release|Any CPU
		{E0FDB1B2-A6A4-483B-83B2-7EFFCD455E9A}.Release|x64.ActiveCfg = Release|Any CPU
		{E0FDB1B2-A6A4-483B-83B2-7EFFCD455E9A}.Release|x64.Build.0 = Release|Any CPU
		{E0FDB1B2-A6A4-483B-83B2-7EFFCD455E9A}.Release|x86.ActiveCfg = Release|Any CPU
		{E0FDB1B2-A6A4-483B-83B2-7EFFCD455E9A}.Release|x86.Build.0 = Release|Any CPU
		{D2F43C55-1778-4AB4-8AA1-BF5BCA5D102D}.Debug|Any CPU.ActiveCfg = Debug|Any CPU
		{D2F43C55-1778-4AB4-8AA1-BF5BCA5D102D}.Debug|Any CPU.Build.0 = Debug|Any CPU
		{D2F43C55-1778-4AB4-8AA1-BF5BCA5D102D}.Debug|x64.ActiveCfg = Debug|Any CPU
		{D2F43C55-1778-4AB4-8AA1-BF5BCA5D102D}.Debug|x64.Build.0 = Debug|Any CPU
		{D2F43C55-1778-4AB4-8AA1-BF5BCA5D102D}.Debug|x86.ActiveCfg = Debug|Any CPU
		{D2F43C55-1778-4AB4-8AA1-BF5BCA5D102D}.Debug|x86.Build.0 = Debug|Any CPU
		{D2F43C55-1778-4AB4-8AA1-BF5BCA5D102D}.Release|Any CPU.ActiveCfg = Release|Any CPU
		{D2F43C55-1778-4AB4-8AA1-BF5BCA5D102D}.Release|Any CPU.Build.0 = Release|Any CPU
		{D2F43C55-1778-4AB4-8AA1-BF5BCA5D102D}.Release|x64.ActiveCfg = Release|Any CPU
		{D2F43C55-1778-4AB4-8AA1-BF5BCA5D102D}.Release|x64.Build.0 = Release|Any CPU
		{D2F43C55-1778-4AB4-8AA1-BF5BCA5D102D}.Release|x86.ActiveCfg = Release|Any CPU
		{D2F43C55-1778-4AB4-8AA1-BF5BCA5D102D}.Release|x86.Build.0 = Release|Any CPU
		{C1C83035-4A52-4380-8927-EB81EED9C7A4}.Debug|Any CPU.ActiveCfg = Debug|Any CPU
		{C1C83035-4A52-4380-8927-EB81EED9C7A4}.Debug|Any CPU.Build.0 = Debug|Any CPU
		{C1C83035-4A52-4380-8927-EB81EED9C7A4}.Debug|x64.ActiveCfg = Debug|Any CPU
		{C1C83035-4A52-4380-8927-EB81EED9C7A4}.Debug|x64.Build.0 = Debug|Any CPU
		{C1C83035-4A52-4380-8927-EB81EED9C7A4}.Debug|x86.ActiveCfg = Debug|Any CPU
		{C1C83035-4A52-4380-8927-EB81EED9C7A4}.Debug|x86.Build.0 = Debug|Any CPU
		{C1C83035-4A52-4380-8927-EB81EED9C7A4}.Release|Any CPU.ActiveCfg = Release|Any CPU
		{C1C83035-4A52-4380-8927-EB81EED9C7A4}.Release|Any CPU.Build.0 = Release|Any CPU
		{C1C83035-4A52-4380-8927-EB81EED9C7A4}.Release|x64.ActiveCfg = Release|Any CPU
		{C1C83035-4A52-4380-8927-EB81EED9C7A4}.Release|x64.Build.0 = Release|Any CPU
		{C1C83035-4A52-4380-8927-EB81EED9C7A4}.Release|x86.ActiveCfg = Release|Any CPU
		{C1C83035-4A52-4380-8927-EB81EED9C7A4}.Release|x86.Build.0 = Release|Any CPU
	EndGlobalSection
	GlobalSection(SolutionProperties) = preSolution
		HideSolutionNode = FALSE
	EndGlobalSection
EndGlobal
