
Microsoft Visual Studio Solution File, Format Version 12.00
# Visual Studio Version 17
VisualStudioVersion = 17.0.31903.59
MinimumVisualStudioVersion = 10.0.40219.1
Project("{FAE04EC0-301F-11D3-BF4B-00C04F79EFBC}") = "task01tests", "task01tests\task01tests.csproj", "{9580B8B9-D05C-4C5E-A1E5-16A87D528BDD}"
EndProject
Project("{FAE04EC0-301F-11D3-BF4B-00C04F79EFBC}") = "task01", "task01\task01.csproj", "{2B289ABD-0AFE-442A-A4E9-07FA1F33373D}"
EndProject
Project("{FAE04EC0-301F-11D3-BF4B-00C04F79EFBC}") = "task02", "task02\task02.csproj", "{0A7E1B4D-2A01-4443-81DE-1335817B0AAC}"
EndProject
Project("{FAE04EC0-301F-11D3-BF4B-00C04F79EFBC}") = "task02tests", "task02tests\task02tests.csproj", "{9BF461BB-3725-42D2-8A38-51FB33BD5E24}"
EndProject
Project("{FAE04EC0-301F-11D3-BF4B-00C04F79EFBC}") = "task03", "task03\task03.csproj", "{EA5B1DAC-B12B-4627-A466-1E2F25E4CA46}"
EndProject
Project("{FAE04EC0-301F-11D3-BF4B-00C04F79EFBC}") = "task03tests", "task03tests\task03tests.csproj", "{E0FDB1B2-A6A4-483B-83B2-7EFFCD455E9A}"
EndProject
Project("{FAE04EC0-301F-11D3-BF4B-00C04F79EFBC}") = "task04", "task04\task04.csproj", "{D2F43C55-1778-4AB4-8AA1-BF5BCA5D102D}"
EndProject
Project("{FAE04EC0-301F-11D3-BF4B-00C04F79EFBC}") = "task04tests", "task04tests\task04tests.csproj", "{C1C83035-4A52-4380-8927-EB81EED9C7A4}"
EndProject
Project("{FAE04EC0-301F-11D3-BF4B-00C04F79EFBC}") = "task05", "task05\task05.csproj", "{4BC50417-A6BD-4128-B524-9ECF4FFEFBF8}"
EndProject
Project("{FAE04EC0-301F-11D3-BF4B-00C04F79EFBC}") = "task05tests", "task05tests\task05tests.csproj", "{F4C551F3-25ED-429F-922D-101298E7862B}"
EndProject
Project("{FAE04EC0-301F-11D3-BF4B-00C04F79EFBC}") = "task07", "task07\task07.csproj", "{09292FDD-7D1B-4E4F-8040-9E355EC6DD55}"
EndProject
Project("{FAE04EC0-301F-11D3-BF4B-00C04F79EFBC}") = "task07tests", "task07tests\task07tests.csproj", "{BA0CD20B-F52A-449F-88F9-F30FF8E545FA}"
EndProject
Project("{FAE04EC0-301F-11D3-BF4B-00C04F79EFBC}") = "CommandLib", "CommandLib\CommandLib.csproj", "{85D496C1-8A13-420A-A34A-3514CFFBC83F}"
EndProject
Project("{FAE04EC0-301F-11D3-BF4B-00C04F79EFBC}") = "FileSystemCommands", "FileSystemCommands\FileSystemCommands.csproj", "{64AD60FE-E9A9-432D-92C7-F4E0F82D2FD6}"
EndProject
Project("{FAE04EC0-301F-11D3-BF4B-00C04F79EFBC}") = "CommandRunner", "CommandRunner\CommandRunner.csproj", "{14A0A209-55A1-4AC2-96D7-957B8B18AA55}"
EndProject
Project("{FAE04EC0-301F-11D3-BF4B-00C04F79EFBC}") = "task08tests", "task08tests\task08tests.csproj", "{1CF1AF5F-F8E8-4ADF-B5E4-1011C7F22E97}"
EndProject
Project("{FAE04EC0-301F-11D3-BF4B-00C04F79EFBC}") = "task09", "task09\task09.csproj", "{E39241D8-0D5A-4B9A-8705-015D871EF4A0}"
EndProject
Project("{FAE04EC0-301F-11D3-BF4B-00C04F79EFBC}") = "task10", "task10\task10.csproj", "{A2EADE4E-ACEE-47E0-86D4-58F55752F99C}"
EndProject
Project("{FAE04EC0-301F-11D3-BF4B-00C04F79EFBC}") = "PluginA", "PluginA\PluginA.csproj", "{08B01210-AF1D-4983-9085-1373B54DD5FD}"
EndProject
Project("{FAE04EC0-301F-11D3-BF4B-00C04F79EFBC}") = "PluginB", "PluginB\PluginB.csproj", "{AE923E78-B6FF-41A5-807B-84C07D1618D3}"
EndProject
Project("{FAE04EC0-301F-11D3-BF4B-00C04F79EFBC}") = "task10app", "task10app\task10app.csproj", "{D6E9BBC1-873E-40A5-9A4A-69DE096B90CA}"
EndProject
Project("{FAE04EC0-301F-11D3-BF4B-00C04F79EFBC}") = "task11", "task11\task11.csproj", "{937BC1D6-AD5C-4E51-828C-ACEDFDC0914D}"
EndProject
Project("{FAE04EC0-301F-11D3-BF4B-00C04F79EFBC}") = "task11tests", "task11tests\task11tests.csproj", "{573D021F-17B0-4F96-BEEB-8994943D7049}"
EndProject
Global
	GlobalSection(SolutionConfigurationPlatforms) = preSolution
		Debug|Any CPU = Debug|Any CPU
		Debug|x64 = Debug|x64
		Debug|x86 = Debug|x86
		Release|Any CPU = Release|Any CPU
		Release|x64 = Release|x64
		Release|x86 = Release|x86
	EndGlobalSection
	GlobalSection(ProjectConfigurationPlatforms) = postSolution
		{9580B8B9-D05C-4C5E-A1E5-16A87D528BDD}.Debug|Any CPU.ActiveCfg = Debug|Any CPU
		{9580B8B9-D05C-4C5E-A1E5-16A87D528BDD}.Debug|Any CPU.Build.0 = Debug|Any CPU
		{9580B8B9-D05C-4C5E-A1E5-16A87D528BDD}.Debug|x64.ActiveCfg = Debug|Any CPU
		{9580B8B9-D05C-4C5E-A1E5-16A87D528BDD}.Debug|x64.Build.0 = Debug|Any CPU
		{9580B8B9-D05C-4C5E-A1E5-16A87D528BDD}.Debug|x86.ActiveCfg = Debug|Any CPU
		{9580B8B9-D05C-4C5E-A1E5-16A87D528BDD}.Debug|x86.Build.0 = Debug|Any CPU
		{9580B8B9-D05C-4C5E-A1E5-16A87D528BDD}.Release|Any CPU.ActiveCfg = Release|Any CPU
		{9580B8B9-D05C-4C5E-A1E5-16A87D528BDD}.Release|Any CPU.Build.0 = Release|Any CPU
		{9580B8B9-D05C-4C5E-A1E5-16A87D528BDD}.Release|x64.ActiveCfg = Release|Any CPU
		{9580B8B9-D05C-4C5E-A1E5-16A87D528BDD}.Release|x64.Build.0 = Release|Any CPU
		{9580B8B9-D05C-4C5E-A1E5-16A87D528BDD}.Release|x86.ActiveCfg = Release|Any CPU
		{9580B8B9-D05C-4C5E-A1E5-16A87D528BDD}.Release|x86.Build.0 = Release|Any CPU
		{2B289ABD-0AFE-442A-A4E9-07FA1F33373D}.Debug|Any CPU.ActiveCfg = Debug|Any CPU
		{2B289ABD-0AFE-442A-A4E9-07FA1F33373D}.Debug|Any CPU.Build.0 = Debug|Any CPU
		{2B289ABD-0AFE-442A-A4E9-07FA1F33373D}.Debug|x64.ActiveCfg = Debug|Any CPU
		{2B289ABD-0AFE-442A-A4E9-07FA1F33373D}.Debug|x64.Build.0 = Debug|Any CPU
		{2B289ABD-0AFE-442A-A4E9-07FA1F33373D}.Debug|x86.ActiveCfg = Debug|Any CPU
		{2B289ABD-0AFE-442A-A4E9-07FA1F33373D}.Debug|x86.Build.0 = Debug|Any CPU
		{2B289ABD-0AFE-442A-A4E9-07FA1F33373D}.Release|Any CPU.ActiveCfg = Release|Any CPU
		{2B289ABD-0AFE-442A-A4E9-07FA1F33373D}.Release|Any CPU.Build.0 = Release|Any CPU
		{2B289ABD-0AFE-442A-A4E9-07FA1F33373D}.Release|x64.ActiveCfg = Release|Any CPU
		{2B289ABD-0AFE-442A-A4E9-07FA1F33373D}.Release|x64.Build.0 = Release|Any CPU
		{2B289ABD-0AFE-442A-A4E9-07FA1F33373D}.Release|x86.ActiveCfg = Release|Any CPU
		{2B289ABD-0AFE-442A-A4E9-07FA1F33373D}.Release|x86.Build.0 = Release|Any CPU
		{0A7E1B4D-2A01-4443-81DE-1335817B0AAC}.Debug|Any CPU.ActiveCfg = Debug|Any CPU
		{0A7E1B4D-2A01-4443-81DE-1335817B0AAC}.Debug|Any CPU.Build.0 = Debug|Any CPU
		{0A7E1B4D-2A01-4443-81DE-1335817B0AAC}.Debug|x64.ActiveCfg = Debug|Any CPU
		{0A7E1B4D-2A01-4443-81DE-1335817B0AAC}.Debug|x64.Build.0 = Debug|Any CPU
		{0A7E1B4D-2A01-4443-81DE-1335817B0AAC}.Debug|x86.ActiveCfg = Debug|Any CPU
		{0A7E1B4D-2A01-4443-81DE-1335817B0AAC}.Debug|x86.Build.0 = Debug|Any CPU
		{0A7E1B4D-2A01-4443-81DE-1335817B0AAC}.Release|Any CPU.ActiveCfg = Release|Any CPU
		{0A7E1B4D-2A01-4443-81DE-1335817B0AAC}.Release|Any CPU.Build.0 = Release|Any CPU
		{0A7E1B4D-2A01-4443-81DE-1335817B0AAC}.Release|x64.ActiveCfg = Release|Any CPU
		{0A7E1B4D-2A01-4443-81DE-1335817B0AAC}.Release|x64.Build.0 = Release|Any CPU
		{0A7E1B4D-2A01-4443-81DE-1335817B0AAC}.Release|x86.ActiveCfg = Release|Any CPU
		{0A7E1B4D-2A01-4443-81DE-1335817B0AAC}.Release|x86.Build.0 = Release|Any CPU
		{9BF461BB-3725-42D2-8A38-51FB33BD5E24}.Debug|Any CPU.ActiveCfg = Debug|Any CPU
		{9BF461BB-3725-42D2-8A38-51FB33BD5E24}.Debug|Any CPU.Build.0 = Debug|Any CPU
		{9BF461BB-3725-42D2-8A38-51FB33BD5E24}.Debug|x64.ActiveCfg = Debug|Any CPU
		{9BF461BB-3725-42D2-8A38-51FB33BD5E24}.Debug|x64.Build.0 = Debug|Any CPU
		{9BF461BB-3725-42D2-8A38-51FB33BD5E24}.Debug|x86.ActiveCfg = Debug|Any CPU
		{9BF461BB-3725-42D2-8A38-51FB33BD5E24}.Debug|x86.Build.0 = Debug|Any CPU
		{9BF461BB-3725-42D2-8A38-51FB33BD5E24}.Release|Any CPU.ActiveCfg = Release|Any CPU
		{9BF461BB-3725-42D2-8A38-51FB33BD5E24}.Release|Any CPU.Build.0 = Release|Any CPU
		{9BF461BB-3725-42D2-8A38-51FB33BD5E24}.Release|x64.ActiveCfg = Release|Any CPU
		{9BF461BB-3725-42D2-8A38-51FB33BD5E24}.Release|x64.Build.0 = Release|Any CPU
		{9BF461BB-3725-42D2-8A38-51FB33BD5E24}.Release|x86.ActiveCfg = Release|Any CPU
		{9BF461BB-3725-42D2-8A38-51FB33BD5E24}.Release|x86.Build.0 = Release|Any CPU
		{EA5B1DAC-B12B-4627-A466-1E2F25E4CA46}.Debug|Any CPU.ActiveCfg = Debug|Any CPU
		{EA5B1DAC-B12B-4627-A466-1E2F25E4CA46}.Debug|Any CPU.Build.0 = Debug|Any CPU
		{EA5B1DAC-B12B-4627-A466-1E2F25E4CA46}.Debug|x64.ActiveCfg = Debug|Any CPU
		{EA5B1DAC-B12B-4627-A466-1E2F25E4CA46}.Debug|x64.Build.0 = Debug|Any CPU
		{EA5B1DAC-B12B-4627-A466-1E2F25E4CA46}.Debug|x86.ActiveCfg = Debug|Any CPU
		{EA5B1DAC-B12B-4627-A466-1E2F25E4CA46}.Debug|x86.Build.0 = Debug|Any CPU
		{EA5B1DAC-B12B-4627-A466-1E2F25E4CA46}.Release|Any CPU.ActiveCfg = Release|Any CPU
		{EA5B1DAC-B12B-4627-A466-1E2F25E4CA46}.Release|Any CPU.Build.0 = Release|Any CPU
		{EA5B1DAC-B12B-4627-A466-1E2F25E4CA46}.Release|x64.ActiveCfg = Release|Any CPU
		{EA5B1DAC-B12B-4627-A466-1E2F25E4CA46}.Release|x64.Build.0 = Release|Any CPU
		{EA5B1DAC-B12B-4627-A466-1E2F25E4CA46}.Release|x86.ActiveCfg = Release|Any CPU
		{EA5B1DAC-B12B-4627-A466-1E2F25E4CA46}.Release|x86.Build.0 = Release|Any CPU
		{E0FDB1B2-A6A4-483B-83B2-7EFFCD455E9A}.Debug|Any CPU.ActiveCfg = Debug|Any CPU
		{E0FDB1B2-A6A4-483B-83B2-7EFFCD455E9A}.Debug|Any CPU.Build.0 = Debug|Any CPU
		{E0FDB1B2-A6A4-483B-83B2-7EFFCD455E9A}.Debug|x64.ActiveCfg = Debug|Any CPU
		{E0FDB1B2-A6A4-483B-83B2-7EFFCD455E9A}.Debug|x64.Build.0 = Debug|Any CPU
		{E0FDB1B2-A6A4-483B-83B2-7EFFCD455E9A}.Debug|x86.ActiveCfg = Debug|Any CPU
		{E0FDB1B2-A6A4-483B-83B2-7EFFCD455E9A}.Debug|x86.Build.0 = Debug|Any CPU
		{E0FDB1B2-A6A4-483B-83B2-7EFFCD455E9A}.Release|Any CPU.ActiveCfg = Release|Any CPU
		{E0FDB1B2-A6A4-483B-83B2-7EFFCD455E9A}.Release|Any CPU.Build.0 = Release|Any CPU
		{E0FDB1B2-A6A4-483B-83B2-7EFFCD455E9A}.Release|x64.ActiveCfg = Release|Any CPU
		{E0FDB1B2-A6A4-483B-83B2-7EFFCD455E9A}.Release|x64.Build.0 = Release|Any CPU
		{E0FDB1B2-A6A4-483B-83B2-7EFFCD455E9A}.Release|x86.ActiveCfg = Release|Any CPU
		{E0FDB1B2-A6A4-483B-83B2-7EFFCD455E9A}.Release|x86.Build.0 = Release|Any CPU
		{D2F43C55-1778-4AB4-8AA1-BF5BCA5D102D}.Debug|Any CPU.ActiveCfg = Debug|Any CPU
		{D2F43C55-1778-4AB4-8AA1-BF5BCA5D102D}.Debug|Any CPU.Build.0 = Debug|Any CPU
		{D2F43C55-1778-4AB4-8AA1-BF5BCA5D102D}.Debug|x64.ActiveCfg = Debug|Any CPU
		{D2F43C55-1778-4AB4-8AA1-BF5BCA5D102D}.Debug|x64.Build.0 = Debug|Any CPU
		{D2F43C55-1778-4AB4-8AA1-BF5BCA5D102D}.Debug|x86.ActiveCfg = Debug|Any CPU
		{D2F43C55-1778-4AB4-8AA1-BF5BCA5D102D}.Debug|x86.Build.0 = Debug|Any CPU
		{D2F43C55-1778-4AB4-8AA1-BF5BCA5D102D}.Release|Any CPU.ActiveCfg = Release|Any CPU
		{D2F43C55-1778-4AB4-8AA1-BF5BCA5D102D}.Release|Any CPU.Build.0 = Release|Any CPU
		{D2F43C55-1778-4AB4-8AA1-BF5BCA5D102D}.Release|x64.ActiveCfg = Release|Any CPU
		{D2F43C55-1778-4AB4-8AA1-BF5BCA5D102D}.Release|x64.Build.0 = Release|Any CPU
		{D2F43C55-1778-4AB4-8AA1-BF5BCA5D102D}.Release|x86.ActiveCfg = Release|Any CPU
		{D2F43C55-1778-4AB4-8AA1-BF5BCA5D102D}.Release|x86.Build.0 = Release|Any CPU
		{C1C83035-4A52-4380-8927-EB81EED9C7A4}.Debug|Any CPU.ActiveCfg = Debug|Any CPU
		{C1C83035-4A52-4380-8927-EB81EED9C7A4}.Debug|Any CPU.Build.0 = Debug|Any CPU
		{C1C83035-4A52-4380-8927-EB81EED9C7A4}.Debug|x64.ActiveCfg = Debug|Any CPU
		{C1C83035-4A52-4380-8927-EB81EED9C7A4}.Debug|x64.Build.0 = Debug|Any CPU
		{C1C83035-4A52-4380-8927-EB81EED9C7A4}.Debug|x86.ActiveCfg = Debug|Any CPU
		{C1C83035-4A52-4380-8927-EB81EED9C7A4}.Debug|x86.Build.0 = Debug|Any CPU
		{C1C83035-4A52-4380-8927-EB81EED9C7A4}.Release|Any CPU.ActiveCfg = Release|Any CPU
		{C1C83035-4A52-4380-8927-EB81EED9C7A4}.Release|Any CPU.Build.0 = Release|Any CPU
		{C1C83035-4A52-4380-8927-EB81EED9C7A4}.Release|x64.ActiveCfg = Release|Any CPU
		{C1C83035-4A52-4380-8927-EB81EED9C7A4}.Release|x64.Build.0 = Release|Any CPU
		{C1C83035-4A52-4380-8927-EB81EED9C7A4}.Release|x86.ActiveCfg = Release|Any CPU
		{C1C83035-4A52-4380-8927-EB81EED9C7A4}.Release|x86.Build.0 = Release|Any CPU
		{4BC50417-A6BD-4128-B524-9ECF4FFEFBF8}.Debug|Any CPU.ActiveCfg = Debug|Any CPU
		{4BC50417-A6BD-4128-B524-9ECF4FFEFBF8}.Debug|Any CPU.Build.0 = Debug|Any CPU
		{4BC50417-A6BD-4128-B524-9ECF4FFEFBF8}.Debug|x64.ActiveCfg = Debug|Any CPU
		{4BC50417-A6BD-4128-B524-9ECF4FFEFBF8}.Debug|x64.Build.0 = Debug|Any CPU
		{4BC50417-A6BD-4128-B524-9ECF4FFEFBF8}.Debug|x86.ActiveCfg = Debug|Any CPU
		{4BC50417-A6BD-4128-B524-9ECF4FFEFBF8}.Debug|x86.Build.0 = Debug|Any CPU
		{4BC50417-A6BD-4128-B524-9ECF4FFEFBF8}.Release|Any CPU.ActiveCfg = Release|Any CPU
		{4BC50417-A6BD-4128-B524-9ECF4FFEFBF8}.Release|Any CPU.Build.0 = Release|Any CPU
		{4BC50417-A6BD-4128-B524-9ECF4FFEFBF8}.Release|x64.ActiveCfg = Release|Any CPU
		{4BC50417-A6BD-4128-B524-9ECF4FFEFBF8}.Release|x64.Build.0 = Release|Any CPU
		{4BC50417-A6BD-4128-B524-9ECF4FFEFBF8}.Release|x86.ActiveCfg = Release|Any CPU
		{4BC50417-A6BD-4128-B524-9ECF4FFEFBF8}.Release|x86.Build.0 = Release|Any CPU
		{F4C551F3-25ED-429F-922D-101298E7862B}.Debug|Any CPU.ActiveCfg = Debug|Any CPU
		{F4C551F3-25ED-429F-922D-101298E7862B}.Debug|Any CPU.Build.0 = Debug|Any CPU
		{F4C551F3-25ED-429F-922D-101298E7862B}.Debug|x64.ActiveCfg = Debug|Any CPU
		{F4C551F3-25ED-429F-922D-101298E7862B}.Debug|x64.Build.0 = Debug|Any CPU
		{F4C551F3-25ED-429F-922D-101298E7862B}.Debug|x86.ActiveCfg = Debug|Any CPU
		{F4C551F3-25ED-429F-922D-101298E7862B}.Debug|x86.Build.0 = Debug|Any CPU
		{F4C551F3-25ED-429F-922D-101298E7862B}.Release|Any CPU.ActiveCfg = Release|Any CPU
		{F4C551F3-25ED-429F-922D-101298E7862B}.Release|Any CPU.Build.0 = Release|Any CPU
		{F4C551F3-25ED-429F-922D-101298E7862B}.Release|x64.ActiveCfg = Release|Any CPU
		{F4C551F3-25ED-429F-922D-101298E7862B}.Release|x64.Build.0 = Release|Any CPU
		{F4C551F3-25ED-429F-922D-101298E7862B}.Release|x86.ActiveCfg = Release|Any CPU
		{F4C551F3-25ED-429F-922D-101298E7862B}.Release|x86.Build.0 = Release|Any CPU
		{09292FDD-7D1B-4E4F-8040-9E355EC6DD55}.Debug|Any CPU.ActiveCfg = Debug|Any CPU
		{09292FDD-7D1B-4E4F-8040-9E355EC6DD55}.Debug|Any CPU.Build.0 = Debug|Any CPU
		{09292FDD-7D1B-4E4F-8040-9E355EC6DD55}.Debug|x64.ActiveCfg = Debug|Any CPU
		{09292FDD-7D1B-4E4F-8040-9E355EC6DD55}.Debug|x64.Build.0 = Debug|Any CPU
		{09292FDD-7D1B-4E4F-8040-9E355EC6DD55}.Debug|x86.ActiveCfg = Debug|Any CPU
		{09292FDD-7D1B-4E4F-8040-9E355EC6DD55}.Debug|x86.Build.0 = Debug|Any CPU
		{09292FDD-7D1B-4E4F-8040-9E355EC6DD55}.Release|Any CPU.ActiveCfg = Release|Any CPU
		{09292FDD-7D1B-4E4F-8040-9E355EC6DD55}.Release|Any CPU.Build.0 = Release|Any CPU
		{09292FDD-7D1B-4E4F-8040-9E355EC6DD55}.Release|x64.ActiveCfg = Release|Any CPU
		{09292FDD-7D1B-4E4F-8040-9E355EC6DD55}.Release|x64.Build.0 = Release|Any CPU
		{09292FDD-7D1B-4E4F-8040-9E355EC6DD55}.Release|x86.ActiveCfg = Release|Any CPU
		{09292FDD-7D1B-4E4F-8040-9E355EC6DD55}.Release|x86.Build.0 = Release|Any CPU
		{BA0CD20B-F52A-449F-88F9-F30FF8E545FA}.Debug|Any CPU.ActiveCfg = Debug|Any CPU
		{BA0CD20B-F52A-449F-88F9-F30FF8E545FA}.Debug|Any CPU.Build.0 = Debug|Any CPU
		{BA0CD20B-F52A-449F-88F9-F30FF8E545FA}.Debug|x64.ActiveCfg = Debug|Any CPU
		{BA0CD20B-F52A-449F-88F9-F30FF8E545FA}.Debug|x64.Build.0 = Debug|Any CPU
		{BA0CD20B-F52A-449F-88F9-F30FF8E545FA}.Debug|x86.ActiveCfg = Debug|Any CPU
		{BA0CD20B-F52A-449F-88F9-F30FF8E545FA}.Debug|x86.Build.0 = Debug|Any CPU
		{BA0CD20B-F52A-449F-88F9-F30FF8E545FA}.Release|Any CPU.ActiveCfg = Release|Any CPU
		{BA0CD20B-F52A-449F-88F9-F30FF8E545FA}.Release|Any CPU.Build.0 = Release|Any CPU
		{BA0CD20B-F52A-449F-88F9-F30FF8E545FA}.Release|x64.ActiveCfg = Release|Any CPU
		{BA0CD20B-F52A-449F-88F9-F30FF8E545FA}.Release|x64.Build.0 = Release|Any CPU
		{BA0CD20B-F52A-449F-88F9-F30FF8E545FA}.Release|x86.ActiveCfg = Release|Any CPU
		{BA0CD20B-F52A-449F-88F9-F30FF8E545FA}.Release|x86.Build.0 = Release|Any CPU
		{85D496C1-8A13-420A-A34A-3514CFFBC83F}.Debug|Any CPU.ActiveCfg = Debug|Any CPU
		{85D496C1-8A13-420A-A34A-3514CFFBC83F}.Debug|Any CPU.Build.0 = Debug|Any CPU
		{85D496C1-8A13-420A-A34A-3514CFFBC83F}.Debug|x64.ActiveCfg = Debug|Any CPU
		{85D496C1-8A13-420A-A34A-3514CFFBC83F}.Debug|x64.Build.0 = Debug|Any CPU
		{85D496C1-8A13-420A-A34A-3514CFFBC83F}.Debug|x86.ActiveCfg = Debug|Any CPU
		{85D496C1-8A13-420A-A34A-3514CFFBC83F}.Debug|x86.Build.0 = Debug|Any CPU
		{85D496C1-8A13-420A-A34A-3514CFFBC83F}.Release|Any CPU.ActiveCfg = Release|Any CPU
		{85D496C1-8A13-420A-A34A-3514CFFBC83F}.Release|Any CPU.Build.0 = Release|Any CPU
		{85D496C1-8A13-420A-A34A-3514CFFBC83F}.Release|x64.ActiveCfg = Release|Any CPU
		{85D496C1-8A13-420A-A34A-3514CFFBC83F}.Release|x64.Build.0 = Release|Any CPU
		{85D496C1-8A13-420A-A34A-3514CFFBC83F}.Release|x86.ActiveCfg = Release|Any CPU
		{85D496C1-8A13-420A-A34A-3514CFFBC83F}.Release|x86.Build.0 = Release|Any CPU
		{64AD60FE-E9A9-432D-92C7-F4E0F82D2FD6}.Debug|Any CPU.ActiveCfg = Debug|Any CPU
		{64AD60FE-E9A9-432D-92C7-F4E0F82D2FD6}.Debug|Any CPU.Build.0 = Debug|Any CPU
		{64AD60FE-E9A9-432D-92C7-F4E0F82D2FD6}.Debug|x64.ActiveCfg = Debug|Any CPU
		{64AD60FE-E9A9-432D-92C7-F4E0F82D2FD6}.Debug|x64.Build.0 = Debug|Any CPU
		{64AD60FE-E9A9-432D-92C7-F4E0F82D2FD6}.Debug|x86.ActiveCfg = Debug|Any CPU
		{64AD60FE-E9A9-432D-92C7-F4E0F82D2FD6}.Debug|x86.Build.0 = Debug|Any CPU
		{64AD60FE-E9A9-432D-92C7-F4E0F82D2FD6}.Release|Any CPU.ActiveCfg = Release|Any CPU
		{64AD60FE-E9A9-432D-92C7-F4E0F82D2FD6}.Release|Any CPU.Build.0 = Release|Any CPU
		{64AD60FE-E9A9-432D-92C7-F4E0F82D2FD6}.Release|x64.ActiveCfg = Release|Any CPU
		{64AD60FE-E9A9-432D-92C7-F4E0F82D2FD6}.Release|x64.Build.0 = Release|Any CPU
		{64AD60FE-E9A9-432D-92C7-F4E0F82D2FD6}.Release|x86.ActiveCfg = Release|Any CPU
		{64AD60FE-E9A9-432D-92C7-F4E0F82D2FD6}.Release|x86.Build.0 = Release|Any CPU
		{14A0A209-55A1-4AC2-96D7-957B8B18AA55}.Debug|Any CPU.ActiveCfg = Debug|Any CPU
		{14A0A209-55A1-4AC2-96D7-957B8B18AA55}.Debug|Any CPU.Build.0 = Debug|Any CPU
		{14A0A209-55A1-4AC2-96D7-957B8B18AA55}.Debug|x64.ActiveCfg = Debug|Any CPU
		{14A0A209-55A1-4AC2-96D7-957B8B18AA55}.Debug|x64.Build.0 = Debug|Any CPU
		{14A0A209-55A1-4AC2-96D7-957B8B18AA55}.Debug|x86.ActiveCfg = Debug|Any CPU
		{14A0A209-55A1-4AC2-96D7-957B8B18AA55}.Debug|x86.Build.0 = Debug|Any CPU
		{14A0A209-55A1-4AC2-96D7-957B8B18AA55}.Release|Any CPU.ActiveCfg = Release|Any CPU
		{14A0A209-55A1-4AC2-96D7-957B8B18AA55}.Release|Any CPU.Build.0 = Release|Any CPU
		{14A0A209-55A1-4AC2-96D7-957B8B18AA55}.Release|x64.ActiveCfg = Release|Any CPU
		{14A0A209-55A1-4AC2-96D7-957B8B18AA55}.Release|x64.Build.0 = Release|Any CPU
		{14A0A209-55A1-4AC2-96D7-957B8B18AA55}.Release|x86.ActiveCfg = Release|Any CPU
		{14A0A209-55A1-4AC2-96D7-957B8B18AA55}.Release|x86.Build.0 = Release|Any CPU
		{1CF1AF5F-F8E8-4ADF-B5E4-1011C7F22E97}.Debug|Any CPU.ActiveCfg = Debug|Any CPU
		{1CF1AF5F-F8E8-4ADF-B5E4-1011C7F22E97}.Debug|Any CPU.Build.0 = Debug|Any CPU
		{1CF1AF5F-F8E8-4ADF-B5E4-1011C7F22E97}.Debug|x64.ActiveCfg = Debug|Any CPU
		{1CF1AF5F-F8E8-4ADF-B5E4-1011C7F22E97}.Debug|x64.Build.0 = Debug|Any CPU
		{1CF1AF5F-F8E8-4ADF-B5E4-1011C7F22E97}.Debug|x86.ActiveCfg = Debug|Any CPU
		{1CF1AF5F-F8E8-4ADF-B5E4-1011C7F22E97}.Debug|x86.Build.0 = Debug|Any CPU
		{1CF1AF5F-F8E8-4ADF-B5E4-1011C7F22E97}.Release|Any CPU.ActiveCfg = Release|Any CPU
		{1CF1AF5F-F8E8-4ADF-B5E4-1011C7F22E97}.Release|Any CPU.Build.0 = Release|Any CPU
		{1CF1AF5F-F8E8-4ADF-B5E4-1011C7F22E97}.Release|x64.ActiveCfg = Release|Any CPU
		{1CF1AF5F-F8E8-4ADF-B5E4-1011C7F22E97}.Release|x64.Build.0 = Release|Any CPU
		{1CF1AF5F-F8E8-4ADF-B5E4-1011C7F22E97}.Release|x86.ActiveCfg = Release|Any CPU
		{1CF1AF5F-F8E8-4ADF-B5E4-1011C7F22E97}.Release|x86.Build.0 = Release|Any CPU
		{E39241D8-0D5A-4B9A-8705-015D871EF4A0}.Debug|Any CPU.ActiveCfg = Debug|Any CPU
		{E39241D8-0D5A-4B9A-8705-015D871EF4A0}.Debug|Any CPU.Build.0 = Debug|Any CPU
		{E39241D8-0D5A-4B9A-8705-015D871EF4A0}.Debug|x64.ActiveCfg = Debug|Any CPU
		{E39241D8-0D5A-4B9A-8705-015D871EF4A0}.Debug|x64.Build.0 = Debug|Any CPU
		{E39241D8-0D5A-4B9A-8705-015D871EF4A0}.Debug|x86.ActiveCfg = Debug|Any CPU
		{E39241D8-0D5A-4B9A-8705-015D871EF4A0}.Debug|x86.Build.0 = Debug|Any CPU
		{E39241D8-0D5A-4B9A-8705-015D871EF4A0}.Release|Any CPU.ActiveCfg = Release|Any CPU
		{E39241D8-0D5A-4B9A-8705-015D871EF4A0}.Release|Any CPU.Build.0 = Release|Any CPU
		{E39241D8-0D5A-4B9A-8705-015D871EF4A0}.Release|x64.ActiveCfg = Release|Any CPU
		{E39241D8-0D5A-4B9A-8705-015D871EF4A0}.Release|x64.Build.0 = Release|Any CPU
		{E39241D8-0D5A-4B9A-8705-015D871EF4A0}.Release|x86.ActiveCfg = Release|Any CPU
		{E39241D8-0D5A-4B9A-8705-015D871EF4A0}.Release|x86.Build.0 = Release|Any CPU
		{A2EADE4E-ACEE-47E0-86D4-58F55752F99C}.Debug|Any CPU.ActiveCfg = Debug|Any CPU
		{A2EADE4E-ACEE-47E0-86D4-58F55752F99C}.Debug|Any CPU.Build.0 = Debug|Any CPU
		{A2EADE4E-ACEE-47E0-86D4-58F55752F99C}.Debug|x64.ActiveCfg = Debug|Any CPU
		{A2EADE4E-ACEE-47E0-86D4-58F55752F99C}.Debug|x64.Build.0 = Debug|Any CPU
		{A2EADE4E-ACEE-47E0-86D4-58F55752F99C}.Debug|x86.ActiveCfg = Debug|Any CPU
		{A2EADE4E-ACEE-47E0-86D4-58F55752F99C}.Debug|x86.Build.0 = Debug|Any CPU
		{A2EADE4E-ACEE-47E0-86D4-58F55752F99C}.Release|Any CPU.ActiveCfg = Release|Any CPU
		{A2EADE4E-ACEE-47E0-86D4-58F55752F99C}.Release|Any CPU.Build.0 = Release|Any CPU
		{A2EADE4E-ACEE-47E0-86D4-58F55752F99C}.Release|x64.ActiveCfg = Release|Any CPU
		{A2EADE4E-ACEE-47E0-86D4-58F55752F99C}.Release|x64.Build.0 = Release|Any CPU
		{A2EADE4E-ACEE-47E0-86D4-58F55752F99C}.Release|x86.ActiveCfg = Release|Any CPU
		{A2EADE4E-ACEE-47E0-86D4-58F55752F99C}.Release|x86.Build.0 = Release|Any CPU
		{08B01210-AF1D-4983-9085-1373B54DD5FD}.Debug|Any CPU.ActiveCfg = Debug|Any CPU
		{08B01210-AF1D-4983-9085-1373B54DD5FD}.Debug|Any CPU.Build.0 = Debug|Any CPU
		{08B01210-AF1D-4983-9085-1373B54DD5FD}.Debug|x64.ActiveCfg = Debug|Any CPU
		{08B01210-AF1D-4983-9085-1373B54DD5FD}.Debug|x64.Build.0 = Debug|Any CPU
		{08B01210-AF1D-4983-9085-1373B54DD5FD}.Debug|x86.ActiveCfg = Debug|Any CPU
		{08B01210-AF1D-4983-9085-1373B54DD5FD}.Debug|x86.Build.0 = Debug|Any CPU
		{08B01210-AF1D-4983-9085-1373B54DD5FD}.Release|Any CPU.ActiveCfg = Release|Any CPU
		{08B01210-AF1D-4983-9085-1373B54DD5FD}.Release|Any CPU.Build.0 = Release|Any CPU
		{08B01210-AF1D-4983-9085-1373B54DD5FD}.Release|x64.ActiveCfg = Release|Any CPU
		{08B01210-AF1D-4983-9085-1373B54DD5FD}.Release|x64.Build.0 = Release|Any CPU
		{08B01210-AF1D-4983-9085-1373B54DD5FD}.Release|x86.ActiveCfg = Release|Any CPU
		{08B01210-AF1D-4983-9085-1373B54DD5FD}.Release|x86.Build.0 = Release|Any CPU
		{AE923E78-B6FF-41A5-807B-84C07D1618D3}.Debug|Any CPU.ActiveCfg = Debug|Any CPU
		{AE923E78-B6FF-41A5-807B-84C07D1618D3}.Debug|Any CPU.Build.0 = Debug|Any CPU
		{AE923E78-B6FF-41A5-807B-84C07D1618D3}.Debug|x64.ActiveCfg = Debug|Any CPU
		{AE923E78-B6FF-41A5-807B-84C07D1618D3}.Debug|x64.Build.0 = Debug|Any CPU
		{AE923E78-B6FF-41A5-807B-84C07D1618D3}.Debug|x86.ActiveCfg = Debug|Any CPU
		{AE923E78-B6FF-41A5-807B-84C07D1618D3}.Debug|x86.Build.0 = Debug|Any CPU
		{AE923E78-B6FF-41A5-807B-84C07D1618D3}.Release|Any CPU.ActiveCfg = Release|Any CPU
		{AE923E78-B6FF-41A5-807B-84C07D1618D3}.Release|Any CPU.Build.0 = Release|Any CPU
		{AE923E78-B6FF-41A5-807B-84C07D1618D3}.Release|x64.ActiveCfg = Release|Any CPU
		{AE923E78-B6FF-41A5-807B-84C07D1618D3}.Release|x64.Build.0 = Release|Any CPU
		{AE923E78-B6FF-41A5-807B-84C07D1618D3}.Release|x86.ActiveCfg = Release|Any CPU
		{AE923E78-B6FF-41A5-807B-84C07D1618D3}.Release|x86.Build.0 = Release|Any CPU
		{D6E9BBC1-873E-40A5-9A4A-69DE096B90CA}.Debug|Any CPU.ActiveCfg = Debug|Any CPU
		{D6E9BBC1-873E-40A5-9A4A-69DE096B90CA}.Debug|Any CPU.Build.0 = Debug|Any CPU
		{D6E9BBC1-873E-40A5-9A4A-69DE096B90CA}.Debug|x64.ActiveCfg = Debug|Any CPU
		{D6E9BBC1-873E-40A5-9A4A-69DE096B90CA}.Debug|x64.Build.0 = Debug|Any CPU
		{D6E9BBC1-873E-40A5-9A4A-69DE096B90CA}.Debug|x86.ActiveCfg = Debug|Any CPU
		{D6E9BBC1-873E-40A5-9A4A-69DE096B90CA}.Debug|x86.Build.0 = Debug|Any CPU
		{D6E9BBC1-873E-40A5-9A4A-69DE096B90CA}.Release|Any CPU.ActiveCfg = Release|Any CPU
		{D6E9BBC1-873E-40A5-9A4A-69DE096B90CA}.Release|Any CPU.Build.0 = Release|Any CPU
		{D6E9BBC1-873E-40A5-9A4A-69DE096B90CA}.Release|x64.ActiveCfg = Release|Any CPU
		{D6E9BBC1-873E-40A5-9A4A-69DE096B90CA}.Release|x64.Build.0 = Release|Any CPU
		{D6E9BBC1-873E-40A5-9A4A-69DE096B90CA}.Release|x86.ActiveCfg = Release|Any CPU
		{D6E9BBC1-873E-40A5-9A4A-69DE096B90CA}.Release|x86.Build.0 = Release|Any CPU
		{937BC1D6-AD5C-4E51-828C-ACEDFDC0914D}.Debug|Any CPU.ActiveCfg = Debug|Any CPU
		{937BC1D6-AD5C-4E51-828C-ACEDFDC0914D}.Debug|Any CPU.Build.0 = Debug|Any CPU
		{937BC1D6-AD5C-4E51-828C-ACEDFDC0914D}.Debug|x64.ActiveCfg = Debug|Any CPU
		{937BC1D6-AD5C-4E51-828C-ACEDFDC0914D}.Debug|x64.Build.0 = Debug|Any CPU
		{937BC1D6-AD5C-4E51-828C-ACEDFDC0914D}.Debug|x86.ActiveCfg = Debug|Any CPU
		{937BC1D6-AD5C-4E51-828C-ACEDFDC0914D}.Debug|x86.Build.0 = Debug|Any CPU
		{937BC1D6-AD5C-4E51-828C-ACEDFDC0914D}.Release|Any CPU.ActiveCfg = Release|Any CPU
		{937BC1D6-AD5C-4E51-828C-ACEDFDC0914D}.Release|Any CPU.Build.0 = Release|Any CPU
		{937BC1D6-AD5C-4E51-828C-ACEDFDC0914D}.Release|x64.ActiveCfg = Release|Any CPU
		{937BC1D6-AD5C-4E51-828C-ACEDFDC0914D}.Release|x64.Build.0 = Release|Any CPU
		{937BC1D6-AD5C-4E51-828C-ACEDFDC0914D}.Release|x86.ActiveCfg = Release|Any CPU
		{937BC1D6-AD5C-4E51-828C-ACEDFDC0914D}.Release|x86.Build.0 = Release|Any CPU
		{573D021F-17B0-4F96-BEEB-8994943D7049}.Debug|Any CPU.ActiveCfg = Debug|Any CPU
		{573D021F-17B0-4F96-BEEB-8994943D7049}.Debug|Any CPU.Build.0 = Debug|Any CPU
		{573D021F-17B0-4F96-BEEB-8994943D7049}.Debug|x64.ActiveCfg = Debug|Any CPU
		{573D021F-17B0-4F96-BEEB-8994943D7049}.Debug|x64.Build.0 = Debug|Any CPU
		{573D021F-17B0-4F96-BEEB-8994943D7049}.Debug|x86.ActiveCfg = Debug|Any CPU
		{573D021F-17B0-4F96-BEEB-8994943D7049}.Debug|x86.Build.0 = Debug|Any CPU
		{573D021F-17B0-4F96-BEEB-8994943D7049}.Release|Any CPU.ActiveCfg = Release|Any CPU
		{573D021F-17B0-4F96-BEEB-8994943D7049}.Release|Any CPU.Build.0 = Release|Any CPU
		{573D021F-17B0-4F96-BEEB-8994943D7049}.Release|x64.ActiveCfg = Release|Any CPU
		{573D021F-17B0-4F96-BEEB-8994943D7049}.Release|x64.Build.0 = Release|Any CPU
		{573D021F-17B0-4F96-BEEB-8994943D7049}.Release|x86.ActiveCfg = Release|Any CPU
		{573D021F-17B0-4F96-BEEB-8994943D7049}.Release|x86.Build.0 = Release|Any CPU
	EndGlobalSection
	GlobalSection(SolutionProperties) = preSolution
		HideSolutionNode = FALSE
	EndGlobalSection
EndGlobal
