
Microsoft Visual Studio Solution File, Format Version 12.00
# Visual Studio Version 17
VisualStudioVersion = 17.0.31903.59
MinimumVisualStudioVersion = 10.0.40219.1
Project("{2150E333-8FDC-42A3-9474-1A3956D46DE8}") = "practice2026", "practice2026", "{5D85BBB8-0B5B-F48E-4DC8-DD6B37494C68}"
EndProject
Project("{FAE04EC0-301F-11D3-BF4B-00C04F79EFBC}") = "task01", "practice2026\task01\task01.csproj", "{A44A6B94-05AA-41A4-B134-3184D9E600D6}"
EndProject
Project("{FAE04EC0-301F-11D3-BF4B-00C04F79EFBC}") = "task01tests", "practice2026\task01tests\task01tests.csproj", "{86FAA7F8-0AE0-40CF-9939-595FAED55B2F}"
EndProject
Project("{FAE04EC0-301F-11D3-BF4B-00C04F79EFBC}") = "task02", "practice2026\task02\task02.csproj", "{51482178-5967-4E1B-93E8-38D6F233FAB8}"
EndProject
Project("{FAE04EC0-301F-11D3-BF4B-00C04F79EFBC}") = "task02tests", "practice2026\task02tests\task02tests.csproj", "{060AFFD0-B219-4981-972A-E28D028E273E}"
EndProject
Project("{FAE04EC0-301F-11D3-BF4B-00C04F79EFBC}") = "task03", "practice2026\task03\task03.csproj", "{34495351-D021-4A2B-BCB1-621B59E1D4FF}"
EndProject
Project("{FAE04EC0-301F-11D3-BF4B-00C04F79EFBC}") = "task03tests", "practice2026\task03tests\task03tests.csproj", "{CACE85B1-5E6F-4825-8F45-CAAAF44DEC64}"
EndProject
Project("{FAE04EC0-301F-11D3-BF4B-00C04F79EFBC}") = "task04", "practice2026\task04\task04.csproj", "{00F849E6-D03F-42DB-8C40-88F015664C6E}"
EndProject
Project("{FAE04EC0-301F-11D3-BF4B-00C04F79EFBC}") = "task04tests", "practice2026\task04tests\task04tests.csproj", "{4E66FA0B-4A10-4218-A08A-CB6AF91E9B7D}"
EndProject
Project("{FAE04EC0-301F-11D3-BF4B-00C04F79EFBC}") = "task05", "practice2026\task05\task05.csproj", "{F059DC4E-445A-4485-850E-228E8F66ACDE}"
EndProject
Project("{FAE04EC0-301F-11D3-BF4B-00C04F79EFBC}") = "task05tests", "practice2026\task05tests\task05tests.csproj", "{9C047388-437B-4BF9-A17B-94E4EA26203A}"
EndProject
Project("{FAE04EC0-301F-11D3-BF4B-00C04F79EFBC}") = "task07", "practice2026\task07\task07.csproj", "{B9D76EFE-3225-41F3-AF8D-6BBDD6E3A5EE}"
EndProject
Project("{FAE04EC0-301F-11D3-BF4B-00C04F79EFBC}") = "task07tests", "practice2026\task07tests\task07tests.csproj", "{1E772236-C526-4AA4-B26F-7CA5BA189E25}"
EndProject
Project("{FAE04EC0-301F-11D3-BF4B-00C04F79EFBC}") = "CommandLib", "practice2026\CommandLib\CommandLib.csproj", "{2969AFA8-C8DB-408E-AA79-ACDB626072B7}"
EndProject
Project("{FAE04EC0-301F-11D3-BF4B-00C04F79EFBC}") = "FileSystemCommands", "practice2026\FileSystemCommands\FileSystemCommands.csproj", "{B1196CE9-15BC-4F1A-A0CE-93161DBDAC8C}"
EndProject
Project("{FAE04EC0-301F-11D3-BF4B-00C04F79EFBC}") = "CommandRunner", "practice2026\CommandRunner\CommandRunner.csproj", "{60000AD2-0160-448B-978D-1AACAAAF12DF}"
EndProject
Project("{FAE04EC0-301F-11D3-BF4B-00C04F79EFBC}") = "task08tests", "practice2026\task08tests\task08tests.csproj", "{FE2F2DA9-946C-4419-95CF-E1D028224A3F}"
EndProject
Project("{FAE04EC0-301F-11D3-BF4B-00C04F79EFBC}") = "task09", "practice2026\task09\task09.csproj", "{9561DB61-E79F-4CD3-8CA2-4089C3BCC53F}"
EndProject
Project("{FAE04EC0-301F-11D3-BF4B-00C04F79EFBC}") = "task10", "practice2026\task10\task10.csproj", "{B5D300D8-D8C6-4548-8A47-74D6E2E0B0B0}"
EndProject
Project("{FAE04EC0-301F-11D3-BF4B-00C04F79EFBC}") = "PluginA", "practice2026\PluginA\PluginA.csproj", "{A5433735-00D4-42EA-B22A-BA6D62ACE290}"
EndProject
Project("{FAE04EC0-301F-11D3-BF4B-00C04F79EFBC}") = "PluginB", "practice2026\PluginB\PluginB.csproj", "{84EA0420-A01C-4A67-9BBA-FB18F727B8F3}"
EndProject
Project("{FAE04EC0-301F-11D3-BF4B-00C04F79EFBC}") = "task10app", "practice2026\task10app\task10app.csproj", "{94B30C2D-6A4B-4407-8359-37CBD3C67807}"
EndProject
Project("{FAE04EC0-301F-11D3-BF4B-00C04F79EFBC}") = "task11", "practice2026\task11\task11.csproj", "{E0986472-35D3-4182-B426-A3877B3310A2}"
EndProject
Project("{FAE04EC0-301F-11D3-BF4B-00C04F79EFBC}") = "task11tests", "practice2026\task11tests\task11tests.csproj", "{23CDE890-0673-46AB-A268-7AA8962B58D7}"
EndProject
Project("{FAE04EC0-301F-11D3-BF4B-00C04F79EFBC}") = "task13", "practice2026\task13\task13.csproj", "{222E7D54-AA43-4934-94B0-E22429A74F80}"
EndProject
Project("{FAE04EC0-301F-11D3-BF4B-00C04F79EFBC}") = "task13tests", "practice2026\task13tests\task13tests.csproj", "{E6EDE3A0-898F-4C32-97AD-0EF769AB31ED}"
EndProject
Project("{FAE04EC0-301F-11D3-BF4B-00C04F79EFBC}") = "task14", "practice2026\task14\task14.csproj", "{67031205-11E6-4943-B5C5-C0A236A7F026}"
EndProject
Project("{FAE04EC0-301F-11D3-BF4B-00C04F79EFBC}") = "task14tests", "practice2026\task14tests\task14tests.csproj", "{925E318D-0524-4B0D-A679-79086AC91EEC}"
EndProject
Project("{FAE04EC0-301F-11D3-BF4B-00C04F79EFBC}") = "task15", "practice2026\task15\task15.csproj", "{0E6F153D-0113-4D42-8037-F5458C287F4E}"
EndProject
Project("{FAE04EC0-301F-11D3-BF4B-00C04F79EFBC}") = "task17", "practice2026\task17\task17.csproj", "{CD26A1C8-D2D2-4818-BDC5-6B1473A65331}"
EndProject
Project("{FAE04EC0-301F-11D3-BF4B-00C04F79EFBC}") = "task17tests", "practice2026\task17tests\task17tests.csproj", "{0AEB8A6A-A3B0-4D09-B664-E393B39394CA}"
EndProject
Project("{FAE04EC0-301F-11D3-BF4B-00C04F79EFBC}") = "task18", "practice2026\task18\task18.csproj", "{6AD052DB-2FCF-4593-8F6E-CCEA468E6B24}"
EndProject
Project("{FAE04EC0-301F-11D3-BF4B-00C04F79EFBC}") = "task18tests", "practice2026\task18tests\task18tests.csproj", "{6492E904-FC15-446A-89C6-E090291B1808}"
EndProject
Project("{FAE04EC0-301F-11D3-BF4B-00C04F79EFBC}") = "task19", "practice2026\task19\task19.csproj", "{3B543F4C-6E73-4B1F-854C-E5BF9A00612A}"
EndProject
Global
	GlobalSection(SolutionConfigurationPlatforms) = preSolution
		Debug|Any CPU = Debug|Any CPU
		Debug|x64 = Debug|x64
		Debug|x86 = Debug|x86
		Release|Any CPU = Release|Any CPU
		Release|x64 = Release|x64
		Release|x86 = Release|x86
	EndGlobalSection
	GlobalSection(ProjectConfigurationPlatforms) = postSolution
		{A44A6B94-05AA-41A4-B134-3184D9E600D6}.Debug|Any CPU.ActiveCfg = Debug|Any CPU
		{A44A6B94-05AA-41A4-B134-3184D9E600D6}.Debug|Any CPU.Build.0 = Debug|Any CPU
		{A44A6B94-05AA-41A4-B134-3184D9E600D6}.Debug|x64.ActiveCfg = Debug|Any CPU
		{A44A6B94-05AA-41A4-B134-3184D9E600D6}.Debug|x64.Build.0 = Debug|Any CPU
		{A44A6B94-05AA-41A4-B134-3184D9E600D6}.Debug|x86.ActiveCfg = Debug|Any CPU
		{A44A6B94-05AA-41A4-B134-3184D9E600D6}.Debug|x86.Build.0 = Debug|Any CPU
		{A44A6B94-05AA-41A4-B134-3184D9E600D6}.Release|Any CPU.ActiveCfg = Release|Any CPU
		{A44A6B94-05AA-41A4-B134-3184D9E600D6}.Release|Any CPU.Build.0 = Release|Any CPU
		{A44A6B94-05AA-41A4-B134-3184D9E600D6}.Release|x64.ActiveCfg = Release|Any CPU
		{A44A6B94-05AA-41A4-B134-3184D9E600D6}.Release|x64.Build.0 = Release|Any CPU
		{A44A6B94-05AA-41A4-B134-3184D9E600D6}.Release|x86.ActiveCfg = Release|Any CPU
		{A44A6B94-05AA-41A4-B134-3184D9E600D6}.Release|x86.Build.0 = Release|Any CPU
		{86FAA7F8-0AE0-40CF-9939-595FAED55B2F}.Debug|Any CPU.ActiveCfg = Debug|Any CPU
		{86FAA7F8-0AE0-40CF-9939-595FAED55B2F}.Debug|Any CPU.Build.0 = Debug|Any CPU
		{86FAA7F8-0AE0-40CF-9939-595FAED55B2F}.Debug|x64.ActiveCfg = Debug|Any CPU
		{86FAA7F8-0AE0-40CF-9939-595FAED55B2F}.Debug|x64.Build.0 = Debug|Any CPU
		{86FAA7F8-0AE0-40CF-9939-595FAED55B2F}.Debug|x86.ActiveCfg = Debug|Any CPU
		{86FAA7F8-0AE0-40CF-9939-595FAED55B2F}.Debug|x86.Build.0 = Debug|Any CPU
		{86FAA7F8-0AE0-40CF-9939-595FAED55B2F}.Release|Any CPU.ActiveCfg = Release|Any CPU
		{86FAA7F8-0AE0-40CF-9939-595FAED55B2F}.Release|Any CPU.Build.0 = Release|Any CPU
		{86FAA7F8-0AE0-40CF-9939-595FAED55B2F}.Release|x64.ActiveCfg = Release|Any CPU
		{86FAA7F8-0AE0-40CF-9939-595FAED55B2F}.Release|x64.Build.0 = Release|Any CPU
		{86FAA7F8-0AE0-40CF-9939-595FAED55B2F}.Release|x86.ActiveCfg = Release|Any CPU
		{86FAA7F8-0AE0-40CF-9939-595FAED55B2F}.Release|x86.Build.0 = Release|Any CPU
		{51482178-5967-4E1B-93E8-38D6F233FAB8}.Debug|Any CPU.ActiveCfg = Debug|Any CPU
		{51482178-5967-4E1B-93E8-38D6F233FAB8}.Debug|Any CPU.Build.0 = Debug|Any CPU
		{51482178-5967-4E1B-93E8-38D6F233FAB8}.Debug|x64.ActiveCfg = Debug|Any CPU
		{51482178-5967-4E1B-93E8-38D6F233FAB8}.Debug|x64.Build.0 = Debug|Any CPU
		{51482178-5967-4E1B-93E8-38D6F233FAB8}.Debug|x86.ActiveCfg = Debug|Any CPU
		{51482178-5967-4E1B-93E8-38D6F233FAB8}.Debug|x86.Build.0 = Debug|Any CPU
		{51482178-5967-4E1B-93E8-38D6F233FAB8}.Release|Any CPU.ActiveCfg = Release|Any CPU
		{51482178-5967-4E1B-93E8-38D6F233FAB8}.Release|Any CPU.Build.0 = Release|Any CPU
		{51482178-5967-4E1B-93E8-38D6F233FAB8}.Release|x64.ActiveCfg = Release|Any CPU
		{51482178-5967-4E1B-93E8-38D6F233FAB8}.Release|x64.Build.0 = Release|Any CPU
		{51482178-5967-4E1B-93E8-38D6F233FAB8}.Release|x86.ActiveCfg = Release|Any CPU
		{51482178-5967-4E1B-93E8-38D6F233FAB8}.Release|x86.Build.0 = Release|Any CPU
		{060AFFD0-B219-4981-972A-E28D028E273E}.Debug|Any CPU.ActiveCfg = Debug|Any CPU
		{060AFFD0-B219-4981-972A-E28D028E273E}.Debug|Any CPU.Build.0 = Debug|Any CPU
		{060AFFD0-B219-4981-972A-E28D028E273E}.Debug|x64.ActiveCfg = Debug|Any CPU
		{060AFFD0-B219-4981-972A-E28D028E273E}.Debug|x64.Build.0 = Debug|Any CPU
		{060AFFD0-B219-4981-972A-E28D028E273E}.Debug|x86.ActiveCfg = Debug|Any CPU
		{060AFFD0-B219-4981-972A-E28D028E273E}.Debug|x86.Build.0 = Debug|Any CPU
		{060AFFD0-B219-4981-972A-E28D028E273E}.Release|Any CPU.ActiveCfg = Release|Any CPU
		{060AFFD0-B219-4981-972A-E28D028E273E}.Release|Any CPU.Build.0 = Release|Any CPU
		{060AFFD0-B219-4981-972A-E28D028E273E}.Release|x64.ActiveCfg = Release|Any CPU
		{060AFFD0-B219-4981-972A-E28D028E273E}.Release|x64.Build.0 = Release|Any CPU
		{060AFFD0-B219-4981-972A-E28D028E273E}.Release|x86.ActiveCfg = Release|Any CPU
		{060AFFD0-B219-4981-972A-E28D028E273E}.Release|x86.Build.0 = Release|Any CPU
		{34495351-D021-4A2B-BCB1-621B59E1D4FF}.Debug|Any CPU.ActiveCfg = Debug|Any CPU
		{34495351-D021-4A2B-BCB1-621B59E1D4FF}.Debug|Any CPU.Build.0 = Debug|Any CPU
		{34495351-D021-4A2B-BCB1-621B59E1D4FF}.Debug|x64.ActiveCfg = Debug|Any CPU
		{34495351-D021-4A2B-BCB1-621B59E1D4FF}.Debug|x64.Build.0 = Debug|Any CPU
		{34495351-D021-4A2B-BCB1-621B59E1D4FF}.Debug|x86.ActiveCfg = Debug|Any CPU
		{34495351-D021-4A2B-BCB1-621B59E1D4FF}.Debug|x86.Build.0 = Debug|Any CPU
		{34495351-D021-4A2B-BCB1-621B59E1D4FF}.Release|Any CPU.ActiveCfg = Release|Any CPU
		{34495351-D021-4A2B-BCB1-621B59E1D4FF}.Release|Any CPU.Build.0 = Release|Any CPU
		{34495351-D021-4A2B-BCB1-621B59E1D4FF}.Release|x64.ActiveCfg = Release|Any CPU
		{34495351-D021-4A2B-BCB1-621B59E1D4FF}.Release|x64.Build.0 = Release|Any CPU
		{34495351-D021-4A2B-BCB1-621B59E1D4FF}.Release|x86.ActiveCfg = Release|Any CPU
		{34495351-D021-4A2B-BCB1-621B59E1D4FF}.Release|x86.Build.0 = Release|Any CPU
		{CACE85B1-5E6F-4825-8F45-CAAAF44DEC64}.Debug|Any CPU.ActiveCfg = Debug|Any CPU
		{CACE85B1-5E6F-4825-8F45-CAAAF44DEC64}.Debug|Any CPU.Build.0 = Debug|Any CPU
		{CACE85B1-5E6F-4825-8F45-CAAAF44DEC64}.Debug|x64.ActiveCfg = Debug|Any CPU
		{CACE85B1-5E6F-4825-8F45-CAAAF44DEC64}.Debug|x64.Build.0 = Debug|Any CPU
		{CACE85B1-5E6F-4825-8F45-CAAAF44DEC64}.Debug|x86.ActiveCfg = Debug|Any CPU
		{CACE85B1-5E6F-4825-8F45-CAAAF44DEC64}.Debug|x86.Build.0 = Debug|Any CPU
		{CACE85B1-5E6F-4825-8F45-CAAAF44DEC64}.Release|Any CPU.ActiveCfg = Release|Any CPU
		{CACE85B1-5E6F-4825-8F45-CAAAF44DEC64}.Release|Any CPU.Build.0 = Release|Any CPU
		{CACE85B1-5E6F-4825-8F45-CAAAF44DEC64}.Release|x64.ActiveCfg = Release|Any CPU
		{CACE85B1-5E6F-4825-8F45-CAAAF44DEC64}.Release|x64.Build.0 = Release|Any CPU
		{CACE85B1-5E6F-4825-8F45-CAAAF44DEC64}.Release|x86.ActiveCfg = Release|Any CPU
		{CACE85B1-5E6F-4825-8F45-CAAAF44DEC64}.Release|x86.Build.0 = Release|Any CPU
		{00F849E6-D03F-42DB-8C40-88F015664C6E}.Debug|Any CPU.ActiveCfg = Debug|Any CPU
		{00F849E6-D03F-42DB-8C40-88F015664C6E}.Debug|Any CPU.Build.0 = Debug|Any CPU
		{00F849E6-D03F-42DB-8C40-88F015664C6E}.Debug|x64.ActiveCfg = Debug|Any CPU
		{00F849E6-D03F-42DB-8C40-88F015664C6E}.Debug|x64.Build.0 = Debug|Any CPU
		{00F849E6-D03F-42DB-8C40-88F015664C6E}.Debug|x86.ActiveCfg = Debug|Any CPU
		{00F849E6-D03F-42DB-8C40-88F015664C6E}.Debug|x86.Build.0 = Debug|Any CPU
		{00F849E6-D03F-42DB-8C40-88F015664C6E}.Release|Any CPU.ActiveCfg = Release|Any CPU
		{00F849E6-D03F-42DB-8C40-88F015664C6E}.Release|Any CPU.Build.0 = Release|Any CPU
		{00F849E6-D03F-42DB-8C40-88F015664C6E}.Release|x64.ActiveCfg = Release|Any CPU
		{00F849E6-D03F-42DB-8C40-88F015664C6E}.Release|x64.Build.0 = Release|Any CPU
		{00F849E6-D03F-42DB-8C40-88F015664C6E}.Release|x86.ActiveCfg = Release|Any CPU
		{00F849E6-D03F-42DB-8C40-88F015664C6E}.Release|x86.Build.0 = Release|Any CPU
		{4E66FA0B-4A10-4218-A08A-CB6AF91E9B7D}.Debug|Any CPU.ActiveCfg = Debug|Any CPU
		{4E66FA0B-4A10-4218-A08A-CB6AF91E9B7D}.Debug|Any CPU.Build.0 = Debug|Any CPU
		{4E66FA0B-4A10-4218-A08A-CB6AF91E9B7D}.Debug|x64.ActiveCfg = Debug|Any CPU
		{4E66FA0B-4A10-4218-A08A-CB6AF91E9B7D}.Debug|x64.Build.0 = Debug|Any CPU
		{4E66FA0B-4A10-4218-A08A-CB6AF91E9B7D}.Debug|x86.ActiveCfg = Debug|Any CPU
		{4E66FA0B-4A10-4218-A08A-CB6AF91E9B7D}.Debug|x86.Build.0 = Debug|Any CPU
		{4E66FA0B-4A10-4218-A08A-CB6AF91E9B7D}.Release|Any CPU.ActiveCfg = Release|Any CPU
		{4E66FA0B-4A10-4218-A08A-CB6AF91E9B7D}.Release|Any CPU.Build.0 = Release|Any CPU
		{4E66FA0B-4A10-4218-A08A-CB6AF91E9B7D}.Release|x64.ActiveCfg = Release|Any CPU
		{4E66FA0B-4A10-4218-A08A-CB6AF91E9B7D}.Release|x64.Build.0 = Release|Any CPU
		{4E66FA0B-4A10-4218-A08A-CB6AF91E9B7D}.Release|x86.ActiveCfg = Release|Any CPU
		{4E66FA0B-4A10-4218-A08A-CB6AF91E9B7D}.Release|x86.Build.0 = Release|Any CPU
		{F059DC4E-445A-4485-850E-228E8F66ACDE}.Debug|Any CPU.ActiveCfg = Debug|Any CPU
		{F059DC4E-445A-4485-850E-228E8F66ACDE}.Debug|Any CPU.Build.0 = Debug|Any CPU
		{F059DC4E-445A-4485-850E-228E8F66ACDE}.Debug|x64.ActiveCfg = Debug|Any CPU
		{F059DC4E-445A-4485-850E-228E8F66ACDE}.Debug|x64.Build.0 = Debug|Any CPU
		{F059DC4E-445A-4485-850E-228E8F66ACDE}.Debug|x86.ActiveCfg = Debug|Any CPU
		{F059DC4E-445A-4485-850E-228E8F66ACDE}.Debug|x86.Build.0 = Debug|Any CPU
		{F059DC4E-445A-4485-850E-228E8F66ACDE}.Release|Any CPU.ActiveCfg = Release|Any CPU
		{F059DC4E-445A-4485-850E-228E8F66ACDE}.Release|Any CPU.Build.0 = Release|Any CPU
		{F059DC4E-445A-4485-850E-228E8F66ACDE}.Release|x64.ActiveCfg = Release|Any CPU
		{F059DC4E-445A-4485-850E-228E8F66ACDE}.Release|x64.Build.0 = Release|Any CPU
		{F059DC4E-445A-4485-850E-228E8F66ACDE}.Release|x86.ActiveCfg = Release|Any CPU
		{F059DC4E-445A-4485-850E-228E8F66ACDE}.Release|x86.Build.0 = Release|Any CPU
		{9C047388-437B-4BF9-A17B-94E4EA26203A}.Debug|Any CPU.ActiveCfg = Debug|Any CPU
		{9C047388-437B-4BF9-A17B-94E4EA26203A}.Debug|Any CPU.Build.0 = Debug|Any CPU
		{9C047388-437B-4BF9-A17B-94E4EA26203A}.Debug|x64.ActiveCfg = Debug|Any CPU
		{9C047388-437B-4BF9-A17B-94E4EA26203A}.Debug|x64.Build.0 = Debug|Any CPU
		{9C047388-437B-4BF9-A17B-94E4EA26203A}.Debug|x86.ActiveCfg = Debug|Any CPU
		{9C047388-437B-4BF9-A17B-94E4EA26203A}.Debug|x86.Build.0 = Debug|Any CPU
		{9C047388-437B-4BF9-A17B-94E4EA26203A}.Release|Any CPU.ActiveCfg = Release|Any CPU
		{9C047388-437B-4BF9-A17B-94E4EA26203A}.Release|Any CPU.Build.0 = Release|Any CPU
		{9C047388-437B-4BF9-A17B-94E4EA26203A}.Release|x64.ActiveCfg = Release|Any CPU
		{9C047388-437B-4BF9-A17B-94E4EA26203A}.Release|x64.Build.0 = Release|Any CPU
		{9C047388-437B-4BF9-A17B-94E4EA26203A}.Release|x86.ActiveCfg = Release|Any CPU
		{9C047388-437B-4BF9-A17B-94E4EA26203A}.Release|x86.Build.0 = Release|Any CPU
		{B9D76EFE-3225-41F3-AF8D-6BBDD6E3A5EE}.Debug|Any CPU.ActiveCfg = Debug|Any CPU
		{B9D76EFE-3225-41F3-AF8D-6BBDD6E3A5EE}.Debug|Any CPU.Build.0 = Debug|Any CPU
		{B9D76EFE-3225-41F3-AF8D-6BBDD6E3A5EE}.Debug|x64.ActiveCfg = Debug|Any CPU
		{B9D76EFE-3225-41F3-AF8D-6BBDD6E3A5EE}.Debug|x64.Build.0 = Debug|Any CPU
		{B9D76EFE-3225-41F3-AF8D-6BBDD6E3A5EE}.Debug|x86.ActiveCfg = Debug|Any CPU
		{B9D76EFE-3225-41F3-AF8D-6BBDD6E3A5EE}.Debug|x86.Build.0 = Debug|Any CPU
		{B9D76EFE-3225-41F3-AF8D-6BBDD6E3A5EE}.Release|Any CPU.ActiveCfg = Release|Any CPU
		{B9D76EFE-3225-41F3-AF8D-6BBDD6E3A5EE}.Release|Any CPU.Build.0 = Release|Any CPU
		{B9D76EFE-3225-41F3-AF8D-6BBDD6E3A5EE}.Release|x64.ActiveCfg = Release|Any CPU
		{B9D76EFE-3225-41F3-AF8D-6BBDD6E3A5EE}.Release|x64.Build.0 = Release|Any CPU
		{B9D76EFE-3225-41F3-AF8D-6BBDD6E3A5EE}.Release|x86.ActiveCfg = Release|Any CPU
		{B9D76EFE-3225-41F3-AF8D-6BBDD6E3A5EE}.Release|x86.Build.0 = Release|Any CPU
		{1E772236-C526-4AA4-B26F-7CA5BA189E25}.Debug|Any CPU.ActiveCfg = Debug|Any CPU
		{1E772236-C526-4AA4-B26F-7CA5BA189E25}.Debug|Any CPU.Build.0 = Debug|Any CPU
		{1E772236-C526-4AA4-B26F-7CA5BA189E25}.Debug|x64.ActiveCfg = Debug|Any CPU
		{1E772236-C526-4AA4-B26F-7CA5BA189E25}.Debug|x64.Build.0 = Debug|Any CPU
		{1E772236-C526-4AA4-B26F-7CA5BA189E25}.Debug|x86.ActiveCfg = Debug|Any CPU
		{1E772236-C526-4AA4-B26F-7CA5BA189E25}.Debug|x86.Build.0 = Debug|Any CPU
		{1E772236-C526-4AA4-B26F-7CA5BA189E25}.Release|Any CPU.ActiveCfg = Release|Any CPU
		{1E772236-C526-4AA4-B26F-7CA5BA189E25}.Release|Any CPU.Build.0 = Release|Any CPU
		{1E772236-C526-4AA4-B26F-7CA5BA189E25}.Release|x64.ActiveCfg = Release|Any CPU
		{1E772236-C526-4AA4-B26F-7CA5BA189E25}.Release|x64.Build.0 = Release|Any CPU
		{1E772236-C526-4AA4-B26F-7CA5BA189E25}.Release|x86.ActiveCfg = Release|Any CPU
		{1E772236-C526-4AA4-B26F-7CA5BA189E25}.Release|x86.Build.0 = Release|Any CPU
		{2969AFA8-C8DB-408E-AA79-ACDB626072B7}.Debug|Any CPU.ActiveCfg = Debug|Any CPU
		{2969AFA8-C8DB-408E-AA79-ACDB626072B7}.Debug|Any CPU.Build.0 = Debug|Any CPU
		{2969AFA8-C8DB-408E-AA79-ACDB626072B7}.Debug|x64.ActiveCfg = Debug|Any CPU
		{2969AFA8-C8DB-408E-AA79-ACDB626072B7}.Debug|x64.Build.0 = Debug|Any CPU
		{2969AFA8-C8DB-408E-AA79-ACDB626072B7}.Debug|x86.ActiveCfg = Debug|Any CPU
		{2969AFA8-C8DB-408E-AA79-ACDB626072B7}.Debug|x86.Build.0 = Debug|Any CPU
		{2969AFA8-C8DB-408E-AA79-ACDB626072B7}.Release|Any CPU.ActiveCfg = Release|Any CPU
		{2969AFA8-C8DB-408E-AA79-ACDB626072B7}.Release|Any CPU.Build.0 = Release|Any CPU
		{2969AFA8-C8DB-408E-AA79-ACDB626072B7}.Release|x64.ActiveCfg = Release|Any CPU
		{2969AFA8-C8DB-408E-AA79-ACDB626072B7}.Release|x64.Build.0 = Release|Any CPU
		{2969AFA8-C8DB-408E-AA79-ACDB626072B7}.Release|x86.ActiveCfg = Release|Any CPU
		{2969AFA8-C8DB-408E-AA79-ACDB626072B7}.Release|x86.Build.0 = Release|Any CPU
		{B1196CE9-15BC-4F1A-A0CE-93161DBDAC8C}.Debug|Any CPU.ActiveCfg = Debug|Any CPU
		{B1196CE9-15BC-4F1A-A0CE-93161DBDAC8C}.Debug|Any CPU.Build.0 = Debug|Any CPU
		{B1196CE9-15BC-4F1A-A0CE-93161DBDAC8C}.Debug|x64.ActiveCfg = Debug|Any CPU
		{B1196CE9-15BC-4F1A-A0CE-93161DBDAC8C}.Debug|x64.Build.0 = Debug|Any CPU
		{B1196CE9-15BC-4F1A-A0CE-93161DBDAC8C}.Debug|x86.ActiveCfg = Debug|Any CPU
		{B1196CE9-15BC-4F1A-A0CE-93161DBDAC8C}.Debug|x86.Build.0 = Debug|Any CPU
		{B1196CE9-15BC-4F1A-A0CE-93161DBDAC8C}.Release|Any CPU.ActiveCfg = Release|Any CPU
		{B1196CE9-15BC-4F1A-A0CE-93161DBDAC8C}.Release|Any CPU.Build.0 = Release|Any CPU
		{B1196CE9-15BC-4F1A-A0CE-93161DBDAC8C}.Release|x64.ActiveCfg = Release|Any CPU
		{B1196CE9-15BC-4F1A-A0CE-93161DBDAC8C}.Release|x64.Build.0 = Release|Any CPU
		{B1196CE9-15BC-4F1A-A0CE-93161DBDAC8C}.Release|x86.ActiveCfg = Release|Any CPU
		{B1196CE9-15BC-4F1A-A0CE-93161DBDAC8C}.Release|x86.Build.0 = Release|Any CPU
		{60000AD2-0160-448B-978D-1AACAAAF12DF}.Debug|Any CPU.ActiveCfg = Debug|Any CPU
		{60000AD2-0160-448B-978D-1AACAAAF12DF}.Debug|Any CPU.Build.0 = Debug|Any CPU
		{60000AD2-0160-448B-978D-1AACAAAF12DF}.Debug|x64.ActiveCfg = Debug|Any CPU
		{60000AD2-0160-448B-978D-1AACAAAF12DF}.Debug|x64.Build.0 = Debug|Any CPU
		{60000AD2-0160-448B-978D-1AACAAAF12DF}.Debug|x86.ActiveCfg = Debug|Any CPU
		{60000AD2-0160-448B-978D-1AACAAAF12DF}.Debug|x86.Build.0 = Debug|Any CPU
		{60000AD2-0160-448B-978D-1AACAAAF12DF}.Release|Any CPU.ActiveCfg = Release|Any CPU
		{60000AD2-0160-448B-978D-1AACAAAF12DF}.Release|Any CPU.Build.0 = Release|Any CPU
		{60000AD2-0160-448B-978D-1AACAAAF12DF}.Release|x64.ActiveCfg = Release|Any CPU
		{60000AD2-0160-448B-978D-1AACAAAF12DF}.Release|x64.Build.0 = Release|Any CPU
		{60000AD2-0160-448B-978D-1AACAAAF12DF}.Release|x86.ActiveCfg = Release|Any CPU
		{60000AD2-0160-448B-978D-1AACAAAF12DF}.Release|x86.Build.0 = Release|Any CPU
		{FE2F2DA9-946C-4419-95CF-E1D028224A3F}.Debug|Any CPU.ActiveCfg = Debug|Any CPU
		{FE2F2DA9-946C-4419-95CF-E1D028224A3F}.Debug|Any CPU.Build.0 = Debug|Any CPU
		{FE2F2DA9-946C-4419-95CF-E1D028224A3F}.Debug|x64.ActiveCfg = Debug|Any CPU
		{FE2F2DA9-946C-4419-95CF-E1D028224A3F}.Debug|x64.Build.0 = Debug|Any CPU
		{FE2F2DA9-946C-4419-95CF-E1D028224A3F}.Debug|x86.ActiveCfg = Debug|Any CPU
		{FE2F2DA9-946C-4419-95CF-E1D028224A3F}.Debug|x86.Build.0 = Debug|Any CPU
		{FE2F2DA9-946C-4419-95CF-E1D028224A3F}.Release|Any CPU.ActiveCfg = Release|Any CPU
		{FE2F2DA9-946C-4419-95CF-E1D028224A3F}.Release|Any CPU.Build.0 = Release|Any CPU
		{FE2F2DA9-946C-4419-95CF-E1D028224A3F}.Release|x64.ActiveCfg = Release|Any CPU
		{FE2F2DA9-946C-4419-95CF-E1D028224A3F}.Release|x64.Build.0 = Release|Any CPU
		{FE2F2DA9-946C-4419-95CF-E1D028224A3F}.Release|x86.ActiveCfg = Release|Any CPU
		{FE2F2DA9-946C-4419-95CF-E1D028224A3F}.Release|x86.Build.0 = Release|Any CPU
		{9561DB61-E79F-4CD3-8CA2-4089C3BCC53F}.Debug|Any CPU.ActiveCfg = Debug|Any CPU
		{9561DB61-E79F-4CD3-8CA2-4089C3BCC53F}.Debug|Any CPU.Build.0 = Debug|Any CPU
		{9561DB61-E79F-4CD3-8CA2-4089C3BCC53F}.Debug|x64.ActiveCfg = Debug|Any CPU
		{9561DB61-E79F-4CD3-8CA2-4089C3BCC53F}.Debug|x64.Build.0 = Debug|Any CPU
		{9561DB61-E79F-4CD3-8CA2-4089C3BCC53F}.Debug|x86.ActiveCfg = Debug|Any CPU
		{9561DB61-E79F-4CD3-8CA2-4089C3BCC53F}.Debug|x86.Build.0 = Debug|Any CPU
		{9561DB61-E79F-4CD3-8CA2-4089C3BCC53F}.Release|Any CPU.ActiveCfg = Release|Any CPU
		{9561DB61-E79F-4CD3-8CA2-4089C3BCC53F}.Release|Any CPU.Build.0 = Release|Any CPU
		{9561DB61-E79F-4CD3-8CA2-4089C3BCC53F}.Release|x64.ActiveCfg = Release|Any CPU
		{9561DB61-E79F-4CD3-8CA2-4089C3BCC53F}.Release|x64.Build.0 = Release|Any CPU
		{9561DB61-E79F-4CD3-8CA2-4089C3BCC53F}.Release|x86.ActiveCfg = Release|Any CPU
		{9561DB61-E79F-4CD3-8CA2-4089C3BCC53F}.Release|x86.Build.0 = Release|Any CPU
		{B5D300D8-D8C6-4548-8A47-74D6E2E0B0B0}.Debug|Any CPU.ActiveCfg = Debug|Any CPU
		{B5D300D8-D8C6-4548-8A47-74D6E2E0B0B0}.Debug|Any CPU.Build.0 = Debug|Any CPU
		{B5D300D8-D8C6-4548-8A47-74D6E2E0B0B0}.Debug|x64.ActiveCfg = Debug|Any CPU
		{B5D300D8-D8C6-4548-8A47-74D6E2E0B0B0}.Debug|x64.Build.0 = Debug|Any CPU
		{B5D300D8-D8C6-4548-8A47-74D6E2E0B0B0}.Debug|x86.ActiveCfg = Debug|Any CPU
		{B5D300D8-D8C6-4548-8A47-74D6E2E0B0B0}.Debug|x86.Build.0 = Debug|Any CPU
		{B5D300D8-D8C6-4548-8A47-74D6E2E0B0B0}.Release|Any CPU.ActiveCfg = Release|Any CPU
		{B5D300D8-D8C6-4548-8A47-74D6E2E0B0B0}.Release|Any CPU.Build.0 = Release|Any CPU
		{B5D300D8-D8C6-4548-8A47-74D6E2E0B0B0}.Release|x64.ActiveCfg = Release|Any CPU
		{B5D300D8-D8C6-4548-8A47-74D6E2E0B0B0}.Release|x64.Build.0 = Release|Any CPU
		{B5D300D8-D8C6-4548-8A47-74D6E2E0B0B0}.Release|x86.ActiveCfg = Release|Any CPU
		{B5D300D8-D8C6-4548-8A47-74D6E2E0B0B0}.Release|x86.Build.0 = Release|Any CPU
		{A5433735-00D4-42EA-B22A-BA6D62ACE290}.Debug|Any CPU.ActiveCfg = Debug|Any CPU
		{A5433735-00D4-42EA-B22A-BA6D62ACE290}.Debug|Any CPU.Build.0 = Debug|Any CPU
		{A5433735-00D4-42EA-B22A-BA6D62ACE290}.Debug|x64.ActiveCfg = Debug|Any CPU
		{A5433735-00D4-42EA-B22A-BA6D62ACE290}.Debug|x64.Build.0 = Debug|Any CPU
		{A5433735-00D4-42EA-B22A-BA6D62ACE290}.Debug|x86.ActiveCfg = Debug|Any CPU
		{A5433735-00D4-42EA-B22A-BA6D62ACE290}.Debug|x86.Build.0 = Debug|Any CPU
		{A5433735-00D4-42EA-B22A-BA6D62ACE290}.Release|Any CPU.ActiveCfg = Release|Any CPU
		{A5433735-00D4-42EA-B22A-BA6D62ACE290}.Release|Any CPU.Build.0 = Release|Any CPU
		{A5433735-00D4-42EA-B22A-BA6D62ACE290}.Release|x64.ActiveCfg = Release|Any CPU
		{A5433735-00D4-42EA-B22A-BA6D62ACE290}.Release|x64.Build.0 = Release|Any CPU
		{A5433735-00D4-42EA-B22A-BA6D62ACE290}.Release|x86.ActiveCfg = Release|Any CPU
		{A5433735-00D4-42EA-B22A-BA6D62ACE290}.Release|x86.Build.0 = Release|Any CPU
		{84EA0420-A01C-4A67-9BBA-FB18F727B8F3}.Debug|Any CPU.ActiveCfg = Debug|Any CPU
		{84EA0420-A01C-4A67-9BBA-FB18F727B8F3}.Debug|Any CPU.Build.0 = Debug|Any CPU
		{84EA0420-A01C-4A67-9BBA-FB18F727B8F3}.Debug|x64.ActiveCfg = Debug|Any CPU
		{84EA0420-A01C-4A67-9BBA-FB18F727B8F3}.Debug|x64.Build.0 = Debug|Any CPU
		{84EA0420-A01C-4A67-9BBA-FB18F727B8F3}.Debug|x86.ActiveCfg = Debug|Any CPU
		{84EA0420-A01C-4A67-9BBA-FB18F727B8F3}.Debug|x86.Build.0 = Debug|Any CPU
		{84EA0420-A01C-4A67-9BBA-FB18F727B8F3}.Release|Any CPU.ActiveCfg = Release|Any CPU
		{84EA0420-A01C-4A67-9BBA-FB18F727B8F3}.Release|Any CPU.Build.0 = Release|Any CPU
		{84EA0420-A01C-4A67-9BBA-FB18F727B8F3}.Release|x64.ActiveCfg = Release|Any CPU
		{84EA0420-A01C-4A67-9BBA-FB18F727B8F3}.Release|x64.Build.0 = Release|Any CPU
		{84EA0420-A01C-4A67-9BBA-FB18F727B8F3}.Release|x86.ActiveCfg = Release|Any CPU
		{84EA0420-A01C-4A67-9BBA-FB18F727B8F3}.Release|x86.Build.0 = Release|Any CPU
		{94B30C2D-6A4B-4407-8359-37CBD3C67807}.Debug|Any CPU.ActiveCfg = Debug|Any CPU
		{94B30C2D-6A4B-4407-8359-37CBD3C67807}.Debug|Any CPU.Build.0 = Debug|Any CPU
		{94B30C2D-6A4B-4407-8359-37CBD3C67807}.Debug|x64.ActiveCfg = Debug|Any CPU
		{94B30C2D-6A4B-4407-8359-37CBD3C67807}.Debug|x64.Build.0 = Debug|Any CPU
		{94B30C2D-6A4B-4407-8359-37CBD3C67807}.Debug|x86.ActiveCfg = Debug|Any CPU
		{94B30C2D-6A4B-4407-8359-37CBD3C67807}.Debug|x86.Build.0 = Debug|Any CPU
		{94B30C2D-6A4B-4407-8359-37CBD3C67807}.Release|Any CPU.ActiveCfg = Release|Any CPU
		{94B30C2D-6A4B-4407-8359-37CBD3C67807}.Release|Any CPU.Build.0 = Release|Any CPU
		{94B30C2D-6A4B-4407-8359-37CBD3C67807}.Release|x64.ActiveCfg = Release|Any CPU
		{94B30C2D-6A4B-4407-8359-37CBD3C67807}.Release|x64.Build.0 = Release|Any CPU
		{94B30C2D-6A4B-4407-8359-37CBD3C67807}.Release|x86.ActiveCfg = Release|Any CPU
		{94B30C2D-6A4B-4407-8359-37CBD3C67807}.Release|x86.Build.0 = Release|Any CPU
		{E0986472-35D3-4182-B426-A3877B3310A2}.Debug|Any CPU.ActiveCfg = Debug|Any CPU
		{E0986472-35D3-4182-B426-A3877B3310A2}.Debug|Any CPU.Build.0 = Debug|Any CPU
		{E0986472-35D3-4182-B426-A3877B3310A2}.Debug|x64.ActiveCfg = Debug|Any CPU
		{E0986472-35D3-4182-B426-A3877B3310A2}.Debug|x64.Build.0 = Debug|Any CPU
		{E0986472-35D3-4182-B426-A3877B3310A2}.Debug|x86.ActiveCfg = Debug|Any CPU
		{E0986472-35D3-4182-B426-A3877B3310A2}.Debug|x86.Build.0 = Debug|Any CPU
		{E0986472-35D3-4182-B426-A3877B3310A2}.Release|Any CPU.ActiveCfg = Release|Any CPU
		{E0986472-35D3-4182-B426-A3877B3310A2}.Release|Any CPU.Build.0 = Release|Any CPU
		{E0986472-35D3-4182-B426-A3877B3310A2}.Release|x64.ActiveCfg = Release|Any CPU
		{E0986472-35D3-4182-B426-A3877B3310A2}.Release|x64.Build.0 = Release|Any CPU
		{E0986472-35D3-4182-B426-A3877B3310A2}.Release|x86.ActiveCfg = Release|Any CPU
		{E0986472-35D3-4182-B426-A3877B3310A2}.Release|x86.Build.0 = Release|Any CPU
		{23CDE890-0673-46AB-A268-7AA8962B58D7}.Debug|Any CPU.ActiveCfg = Debug|Any CPU
		{23CDE890-0673-46AB-A268-7AA8962B58D7}.Debug|Any CPU.Build.0 = Debug|Any CPU
		{23CDE890-0673-46AB-A268-7AA8962B58D7}.Debug|x64.ActiveCfg = Debug|Any CPU
		{23CDE890-0673-46AB-A268-7AA8962B58D7}.Debug|x64.Build.0 = Debug|Any CPU
		{23CDE890-0673-46AB-A268-7AA8962B58D7}.Debug|x86.ActiveCfg = Debug|Any CPU
		{23CDE890-0673-46AB-A268-7AA8962B58D7}.Debug|x86.Build.0 = Debug|Any CPU
		{23CDE890-0673-46AB-A268-7AA8962B58D7}.Release|Any CPU.ActiveCfg = Release|Any CPU
		{23CDE890-0673-46AB-A268-7AA8962B58D7}.Release|Any CPU.Build.0 = Release|Any CPU
		{23CDE890-0673-46AB-A268-7AA8962B58D7}.Release|x64.ActiveCfg = Release|Any CPU
		{23CDE890-0673-46AB-A268-7AA8962B58D7}.Release|x64.Build.0 = Release|Any CPU
		{23CDE890-0673-46AB-A268-7AA8962B58D7}.Release|x86.ActiveCfg = Release|Any CPU
		{23CDE890-0673-46AB-A268-7AA8962B58D7}.Release|x86.Build.0 = Release|Any CPU
		{222E7D54-AA43-4934-94B0-E22429A74F80}.Debug|Any CPU.ActiveCfg = Debug|Any CPU
		{222E7D54-AA43-4934-94B0-E22429A74F80}.Debug|Any CPU.Build.0 = Debug|Any CPU
		{222E7D54-AA43-4934-94B0-E22429A74F80}.Debug|x64.ActiveCfg = Debug|Any CPU
		{222E7D54-AA43-4934-94B0-E22429A74F80}.Debug|x64.Build.0 = Debug|Any CPU
		{222E7D54-AA43-4934-94B0-E22429A74F80}.Debug|x86.ActiveCfg = Debug|Any CPU
		{222E7D54-AA43-4934-94B0-E22429A74F80}.Debug|x86.Build.0 = Debug|Any CPU
		{222E7D54-AA43-4934-94B0-E22429A74F80}.Release|Any CPU.ActiveCfg = Release|Any CPU
		{222E7D54-AA43-4934-94B0-E22429A74F80}.Release|Any CPU.Build.0 = Release|Any CPU
		{222E7D54-AA43-4934-94B0-E22429A74F80}.Release|x64.ActiveCfg = Release|Any CPU
		{222E7D54-AA43-4934-94B0-E22429A74F80}.Release|x64.Build.0 = Release|Any CPU
		{222E7D54-AA43-4934-94B0-E22429A74F80}.Release|x86.ActiveCfg = Release|Any CPU
		{222E7D54-AA43-4934-94B0-E22429A74F80}.Release|x86.Build.0 = Release|Any CPU
		{E6EDE3A0-898F-4C32-97AD-0EF769AB31ED}.Debug|Any CPU.ActiveCfg = Debug|Any CPU
		{E6EDE3A0-898F-4C32-97AD-0EF769AB31ED}.Debug|Any CPU.Build.0 = Debug|Any CPU
		{E6EDE3A0-898F-4C32-97AD-0EF769AB31ED}.Debug|x64.ActiveCfg = Debug|Any CPU
		{E6EDE3A0-898F-4C32-97AD-0EF769AB31ED}.Debug|x64.Build.0 = Debug|Any CPU
		{E6EDE3A0-898F-4C32-97AD-0EF769AB31ED}.Debug|x86.ActiveCfg = Debug|Any CPU
		{E6EDE3A0-898F-4C32-97AD-0EF769AB31ED}.Debug|x86.Build.0 = Debug|Any CPU
		{E6EDE3A0-898F-4C32-97AD-0EF769AB31ED}.Release|Any CPU.ActiveCfg = Release|Any CPU
		{E6EDE3A0-898F-4C32-97AD-0EF769AB31ED}.Release|Any CPU.Build.0 = Release|Any CPU
		{E6EDE3A0-898F-4C32-97AD-0EF769AB31ED}.Release|x64.ActiveCfg = Release|Any CPU
		{E6EDE3A0-898F-4C32-97AD-0EF769AB31ED}.Release|x64.Build.0 = Release|Any CPU
		{E6EDE3A0-898F-4C32-97AD-0EF769AB31ED}.Release|x86.ActiveCfg = Release|Any CPU
		{E6EDE3A0-898F-4C32-97AD-0EF769AB31ED}.Release|x86.Build.0 = Release|Any CPU
		{67031205-11E6-4943-B5C5-C0A236A7F026}.Debug|Any CPU.ActiveCfg = Debug|Any CPU
		{67031205-11E6-4943-B5C5-C0A236A7F026}.Debug|Any CPU.Build.0 = Debug|Any CPU
		{67031205-11E6-4943-B5C5-C0A236A7F026}.Debug|x64.ActiveCfg = Debug|Any CPU
		{67031205-11E6-4943-B5C5-C0A236A7F026}.Debug|x64.Build.0 = Debug|Any CPU
		{67031205-11E6-4943-B5C5-C0A236A7F026}.Debug|x86.ActiveCfg = Debug|Any CPU
		{67031205-11E6-4943-B5C5-C0A236A7F026}.Debug|x86.Build.0 = Debug|Any CPU
		{67031205-11E6-4943-B5C5-C0A236A7F026}.Release|Any CPU.ActiveCfg = Release|Any CPU
		{67031205-11E6-4943-B5C5-C0A236A7F026}.Release|Any CPU.Build.0 = Release|Any CPU
		{67031205-11E6-4943-B5C5-C0A236A7F026}.Release|x64.ActiveCfg = Release|Any CPU
		{67031205-11E6-4943-B5C5-C0A236A7F026}.Release|x64.Build.0 = Release|Any CPU
		{67031205-11E6-4943-B5C5-C0A236A7F026}.Release|x86.ActiveCfg = Release|Any CPU
		{67031205-11E6-4943-B5C5-C0A236A7F026}.Release|x86.Build.0 = Release|Any CPU
		{925E318D-0524-4B0D-A679-79086AC91EEC}.Debug|Any CPU.ActiveCfg = Debug|Any CPU
		{925E318D-0524-4B0D-A679-79086AC91EEC}.Debug|Any CPU.Build.0 = Debug|Any CPU
		{925E318D-0524-4B0D-A679-79086AC91EEC}.Debug|x64.ActiveCfg = Debug|Any CPU
		{925E318D-0524-4B0D-A679-79086AC91EEC}.Debug|x64.Build.0 = Debug|Any CPU
		{925E318D-0524-4B0D-A679-79086AC91EEC}.Debug|x86.ActiveCfg = Debug|Any CPU
		{925E318D-0524-4B0D-A679-79086AC91EEC}.Debug|x86.Build.0 = Debug|Any CPU
		{925E318D-0524-4B0D-A679-79086AC91EEC}.Release|Any CPU.ActiveCfg = Release|Any CPU
		{925E318D-0524-4B0D-A679-79086AC91EEC}.Release|Any CPU.Build.0 = Release|Any CPU
		{925E318D-0524-4B0D-A679-79086AC91EEC}.Release|x64.ActiveCfg = Release|Any CPU
		{925E318D-0524-4B0D-A679-79086AC91EEC}.Release|x64.Build.0 = Release|Any CPU
		{925E318D-0524-4B0D-A679-79086AC91EEC}.Release|x86.ActiveCfg = Release|Any CPU
		{925E318D-0524-4B0D-A679-79086AC91EEC}.Release|x86.Build.0 = Release|Any CPU
		{0E6F153D-0113-4D42-8037-F5458C287F4E}.Debug|Any CPU.ActiveCfg = Debug|Any CPU
		{0E6F153D-0113-4D42-8037-F5458C287F4E}.Debug|Any CPU.Build.0 = Debug|Any CPU
		{0E6F153D-0113-4D42-8037-F5458C287F4E}.Debug|x64.ActiveCfg = Debug|Any CPU
		{0E6F153D-0113-4D42-8037-F5458C287F4E}.Debug|x64.Build.0 = Debug|Any CPU
		{0E6F153D-0113-4D42-8037-F5458C287F4E}.Debug|x86.ActiveCfg = Debug|Any CPU
		{0E6F153D-0113-4D42-8037-F5458C287F4E}.Debug|x86.Build.0 = Debug|Any CPU
		{0E6F153D-0113-4D42-8037-F5458C287F4E}.Release|Any CPU.ActiveCfg = Release|Any CPU
		{0E6F153D-0113-4D42-8037-F5458C287F4E}.Release|Any CPU.Build.0 = Release|Any CPU
		{0E6F153D-0113-4D42-8037-F5458C287F4E}.Release|x64.ActiveCfg = Release|Any CPU
		{0E6F153D-0113-4D42-8037-F5458C287F4E}.Release|x64.Build.0 = Release|Any CPU
		{0E6F153D-0113-4D42-8037-F5458C287F4E}.Release|x86.ActiveCfg = Release|Any CPU
		{0E6F153D-0113-4D42-8037-F5458C287F4E}.Release|x86.Build.0 = Release|Any CPU
		{CD26A1C8-D2D2-4818-BDC5-6B1473A65331}.Debug|Any CPU.ActiveCfg = Debug|Any CPU
		{CD26A1C8-D2D2-4818-BDC5-6B1473A65331}.Debug|Any CPU.Build.0 = Debug|Any CPU
		{CD26A1C8-D2D2-4818-BDC5-6B1473A65331}.Debug|x64.ActiveCfg = Debug|Any CPU
		{CD26A1C8-D2D2-4818-BDC5-6B1473A65331}.Debug|x64.Build.0 = Debug|Any CPU
		{CD26A1C8-D2D2-4818-BDC5-6B1473A65331}.Debug|x86.ActiveCfg = Debug|Any CPU
		{CD26A1C8-D2D2-4818-BDC5-6B1473A65331}.Debug|x86.Build.0 = Debug|Any CPU
		{CD26A1C8-D2D2-4818-BDC5-6B1473A65331}.Release|Any CPU.ActiveCfg = Release|Any CPU
		{CD26A1C8-D2D2-4818-BDC5-6B1473A65331}.Release|Any CPU.Build.0 = Release|Any CPU
		{CD26A1C8-D2D2-4818-BDC5-6B1473A65331}.Release|x64.ActiveCfg = Release|Any CPU
		{CD26A1C8-D2D2-4818-BDC5-6B1473A65331}.Release|x64.Build.0 = Release|Any CPU
		{CD26A1C8-D2D2-4818-BDC5-6B1473A65331}.Release|x86.ActiveCfg = Release|Any CPU
		{CD26A1C8-D2D2-4818-BDC5-6B1473A65331}.Release|x86.Build.0 = Release|Any CPU
		{0AEB8A6A-A3B0-4D09-B664-E393B39394CA}.Debug|Any CPU.ActiveCfg = Debug|Any CPU
		{0AEB8A6A-A3B0-4D09-B664-E393B39394CA}.Debug|Any CPU.Build.0 = Debug|Any CPU
		{0AEB8A6A-A3B0-4D09-B664-E393B39394CA}.Debug|x64.ActiveCfg = Debug|Any CPU
		{0AEB8A6A-A3B0-4D09-B664-E393B39394CA}.Debug|x64.Build.0 = Debug|Any CPU
		{0AEB8A6A-A3B0-4D09-B664-E393B39394CA}.Debug|x86.ActiveCfg = Debug|Any CPU
		{0AEB8A6A-A3B0-4D09-B664-E393B39394CA}.Debug|x86.Build.0 = Debug|Any CPU
		{0AEB8A6A-A3B0-4D09-B664-E393B39394CA}.Release|Any CPU.ActiveCfg = Release|Any CPU
		{0AEB8A6A-A3B0-4D09-B664-E393B39394CA}.Release|Any CPU.Build.0 = Release|Any CPU
		{0AEB8A6A-A3B0-4D09-B664-E393B39394CA}.Release|x64.ActiveCfg = Release|Any CPU
		{0AEB8A6A-A3B0-4D09-B664-E393B39394CA}.Release|x64.Build.0 = Release|Any CPU
		{0AEB8A6A-A3B0-4D09-B664-E393B39394CA}.Release|x86.ActiveCfg = Release|Any CPU
		{0AEB8A6A-A3B0-4D09-B664-E393B39394CA}.Release|x86.Build.0 = Release|Any CPU
		{6AD052DB-2FCF-4593-8F6E-CCEA468E6B24}.Debug|Any CPU.ActiveCfg = Debug|Any CPU
		{6AD052DB-2FCF-4593-8F6E-CCEA468E6B24}.Debug|Any CPU.Build.0 = Debug|Any CPU
		{6AD052DB-2FCF-4593-8F6E-CCEA468E6B24}.Debug|x64.ActiveCfg = Debug|Any CPU
		{6AD052DB-2FCF-4593-8F6E-CCEA468E6B24}.Debug|x64.Build.0 = Debug|Any CPU
		{6AD052DB-2FCF-4593-8F6E-CCEA468E6B24}.Debug|x86.ActiveCfg = Debug|Any CPU
		{6AD052DB-2FCF-4593-8F6E-CCEA468E6B24}.Debug|x86.Build.0 = Debug|Any CPU
		{6AD052DB-2FCF-4593-8F6E-CCEA468E6B24}.Release|Any CPU.ActiveCfg = Release|Any CPU
		{6AD052DB-2FCF-4593-8F6E-CCEA468E6B24}.Release|Any CPU.Build.0 = Release|Any CPU
		{6AD052DB-2FCF-4593-8F6E-CCEA468E6B24}.Release|x64.ActiveCfg = Release|Any CPU
		{6AD052DB-2FCF-4593-8F6E-CCEA468E6B24}.Release|x64.Build.0 = Release|Any CPU
		{6AD052DB-2FCF-4593-8F6E-CCEA468E6B24}.Release|x86.ActiveCfg = Release|Any CPU
		{6AD052DB-2FCF-4593-8F6E-CCEA468E6B24}.Release|x86.Build.0 = Release|Any CPU
		{6492E904-FC15-446A-89C6-E090291B1808}.Debug|Any CPU.ActiveCfg = Debug|Any CPU
		{6492E904-FC15-446A-89C6-E090291B1808}.Debug|Any CPU.Build.0 = Debug|Any CPU
		{6492E904-FC15-446A-89C6-E090291B1808}.Debug|x64.ActiveCfg = Debug|Any CPU
		{6492E904-FC15-446A-89C6-E090291B1808}.Debug|x64.Build.0 = Debug|Any CPU
		{6492E904-FC15-446A-89C6-E090291B1808}.Debug|x86.ActiveCfg = Debug|Any CPU
		{6492E904-FC15-446A-89C6-E090291B1808}.Debug|x86.Build.0 = Debug|Any CPU
		{6492E904-FC15-446A-89C6-E090291B1808}.Release|Any CPU.ActiveCfg = Release|Any CPU
		{6492E904-FC15-446A-89C6-E090291B1808}.Release|Any CPU.Build.0 = Release|Any CPU
		{6492E904-FC15-446A-89C6-E090291B1808}.Release|x64.ActiveCfg = Release|Any CPU
		{6492E904-FC15-446A-89C6-E090291B1808}.Release|x64.Build.0 = Release|Any CPU
		{6492E904-FC15-446A-89C6-E090291B1808}.Release|x86.ActiveCfg = Release|Any CPU
		{6492E904-FC15-446A-89C6-E090291B1808}.Release|x86.Build.0 = Release|Any CPU
		{3B543F4C-6E73-4B1F-854C-E5BF9A00612A}.Debug|Any CPU.ActiveCfg = Debug|Any CPU
		{3B543F4C-6E73-4B1F-854C-E5BF9A00612A}.Debug|Any CPU.Build.0 = Debug|Any CPU
		{3B543F4C-6E73-4B1F-854C-E5BF9A00612A}.Debug|x64.ActiveCfg = Debug|Any CPU
		{3B543F4C-6E73-4B1F-854C-E5BF9A00612A}.Debug|x64.Build.0 = Debug|Any CPU
		{3B543F4C-6E73-4B1F-854C-E5BF9A00612A}.Debug|x86.ActiveCfg = Debug|Any CPU
		{3B543F4C-6E73-4B1F-854C-E5BF9A00612A}.Debug|x86.Build.0 = Debug|Any CPU
		{3B543F4C-6E73-4B1F-854C-E5BF9A00612A}.Release|Any CPU.ActiveCfg = Release|Any CPU
		{3B543F4C-6E73-4B1F-854C-E5BF9A00612A}.Release|Any CPU.Build.0 = Release|Any CPU
		{3B543F4C-6E73-4B1F-854C-E5BF9A00612A}.Release|x64.ActiveCfg = Release|Any CPU
		{3B543F4C-6E73-4B1F-854C-E5BF9A00612A}.Release|x64.Build.0 = Release|Any CPU
		{3B543F4C-6E73-4B1F-854C-E5BF9A00612A}.Release|x86.ActiveCfg = Release|Any CPU
		{3B543F4C-6E73-4B1F-854C-E5BF9A00612A}.Release|x86.Build.0 = Release|Any CPU
	EndGlobalSection
	GlobalSection(SolutionProperties) = preSolution
		HideSolutionNode = FALSE
	EndGlobalSection
	GlobalSection(NestedProjects) = preSolution
		{A44A6B94-05AA-41A4-B134-3184D9E600D6} = {5D85BBB8-0B5B-F48E-4DC8-DD6B37494C68}
		{86FAA7F8-0AE0-40CF-9939-595FAED55B2F} = {5D85BBB8-0B5B-F48E-4DC8-DD6B37494C68}
		{51482178-5967-4E1B-93E8-38D6F233FAB8} = {5D85BBB8-0B5B-F48E-4DC8-DD6B37494C68}
		{060AFFD0-B219-4981-972A-E28D028E273E} = {5D85BBB8-0B5B-F48E-4DC8-DD6B37494C68}
		{34495351-D021-4A2B-BCB1-621B59E1D4FF} = {5D85BBB8-0B5B-F48E-4DC8-DD6B37494C68}
		{CACE85B1-5E6F-4825-8F45-CAAAF44DEC64} = {5D85BBB8-0B5B-F48E-4DC8-DD6B37494C68}
		{00F849E6-D03F-42DB-8C40-88F015664C6E} = {5D85BBB8-0B5B-F48E-4DC8-DD6B37494C68}
		{4E66FA0B-4A10-4218-A08A-CB6AF91E9B7D} = {5D85BBB8-0B5B-F48E-4DC8-DD6B37494C68}
		{F059DC4E-445A-4485-850E-228E8F66ACDE} = {5D85BBB8-0B5B-F48E-4DC8-DD6B37494C68}
		{9C047388-437B-4BF9-A17B-94E4EA26203A} = {5D85BBB8-0B5B-F48E-4DC8-DD6B37494C68}
		{B9D76EFE-3225-41F3-AF8D-6BBDD6E3A5EE} = {5D85BBB8-0B5B-F48E-4DC8-DD6B37494C68}
		{1E772236-C526-4AA4-B26F-7CA5BA189E25} = {5D85BBB8-0B5B-F48E-4DC8-DD6B37494C68}
		{2969AFA8-C8DB-408E-AA79-ACDB626072B7} = {5D85BBB8-0B5B-F48E-4DC8-DD6B37494C68}
		{B1196CE9-15BC-4F1A-A0CE-93161DBDAC8C} = {5D85BBB8-0B5B-F48E-4DC8-DD6B37494C68}
		{60000AD2-0160-448B-978D-1AACAAAF12DF} = {5D85BBB8-0B5B-F48E-4DC8-DD6B37494C68}
		{FE2F2DA9-946C-4419-95CF-E1D028224A3F} = {5D85BBB8-0B5B-F48E-4DC8-DD6B37494C68}
		{9561DB61-E79F-4CD3-8CA2-4089C3BCC53F} = {5D85BBB8-0B5B-F48E-4DC8-DD6B37494C68}
		{B5D300D8-D8C6-4548-8A47-74D6E2E0B0B0} = {5D85BBB8-0B5B-F48E-4DC8-DD6B37494C68}
		{A5433735-00D4-42EA-B22A-BA6D62ACE290} = {5D85BBB8-0B5B-F48E-4DC8-DD6B37494C68}
		{84EA0420-A01C-4A67-9BBA-FB18F727B8F3} = {5D85BBB8-0B5B-F48E-4DC8-DD6B37494C68}
		{94B30C2D-6A4B-4407-8359-37CBD3C67807} = {5D85BBB8-0B5B-F48E-4DC8-DD6B37494C68}
		{E0986472-35D3-4182-B426-A3877B3310A2} = {5D85BBB8-0B5B-F48E-4DC8-DD6B37494C68}
		{23CDE890-0673-46AB-A268-7AA8962B58D7} = {5D85BBB8-0B5B-F48E-4DC8-DD6B37494C68}
		{222E7D54-AA43-4934-94B0-E22429A74F80} = {5D85BBB8-0B5B-F48E-4DC8-DD6B37494C68}
		{E6EDE3A0-898F-4C32-97AD-0EF769AB31ED} = {5D85BBB8-0B5B-F48E-4DC8-DD6B37494C68}
		{67031205-11E6-4943-B5C5-C0A236A7F026} = {5D85BBB8-0B5B-F48E-4DC8-DD6B37494C68}
		{925E318D-0524-4B0D-A679-79086AC91EEC} = {5D85BBB8-0B5B-F48E-4DC8-DD6B37494C68}
		{0E6F153D-0113-4D42-8037-F5458C287F4E} = {5D85BBB8-0B5B-F48E-4DC8-DD6B37494C68}
		{CD26A1C8-D2D2-4818-BDC5-6B1473A65331} = {5D85BBB8-0B5B-F48E-4DC8-DD6B37494C68}
		{0AEB8A6A-A3B0-4D09-B664-E393B39394CA} = {5D85BBB8-0B5B-F48E-4DC8-DD6B37494C68}
		{6AD052DB-2FCF-4593-8F6E-CCEA468E6B24} = {5D85BBB8-0B5B-F48E-4DC8-DD6B37494C68}
		{6492E904-FC15-446A-89C6-E090291B1808} = {5D85BBB8-0B5B-F48E-4DC8-DD6B37494C68}
		{3B543F4C-6E73-4B1F-854C-E5BF9A00612A} = {5D85BBB8-0B5B-F48E-4DC8-DD6B37494C68}
	EndGlobalSection
EndGlobal
